Microsoft Visual Studio Solution File, Format Version 12.00
# Visual Studio Version 17
VisualStudioVersion = 17.1.31911.260
MinimumVisualStudioVersion = 10.0.40219.1
Project("{9A19103F-16F7-4668-BE54-9A1E7A4F7556}") = "Reloaded.Mod.Launcher", "Reloaded.Mod.Launcher\Reloaded.Mod.Launcher.csproj", "{159EF9A3-1B08-45F8-97CA-8DD72BC91936}"
	ProjectSection(ProjectDependencies) = postProject
		{CF3E2DC7-04F8-4878-97F4-1BCF950AC97D} = {CF3E2DC7-04F8-4878-97F4-1BCF950AC97D}
	EndProjectSection
EndProject
Project("{9A19103F-16F7-4668-BE54-9A1E7A4F7556}") = "Reloaded.Mod.Interfaces", "Reloaded.Mod.Interfaces\Reloaded.Mod.Interfaces.csproj", "{23A7DB81-C58A-49EE-9AE0-A6C1E1064A6A}"
EndProject
Project("{9A19103F-16F7-4668-BE54-9A1E7A4F7556}") = "Reloaded.Mod.Loader", "Reloaded.Mod.Loader\Reloaded.Mod.Loader.csproj", "{CF3E2DC7-04F8-4878-97F4-1BCF950AC97D}"
	ProjectSection(ProjectDependencies) = postProject
		{56DFC45C-49FB-4409-823E-EE54637F58A1} = {56DFC45C-49FB-4409-823E-EE54637F58A1}
	EndProjectSection
EndProject
Project("{9A19103F-16F7-4668-BE54-9A1E7A4F7556}") = "Reloaded.Mod.Loader.Tests", "Reloaded.Mod.Loader.Tests\Reloaded.Mod.Loader.Tests.csproj", "{305129E2-ED0F-45A5-BEBB-72202B002AF1}"
EndProject
Project("{9A19103F-16F7-4668-BE54-9A1E7A4F7556}") = "Reloaded.Mod.Loader.IO", "Reloaded.Mod.Loader.IO\Reloaded.Mod.Loader.IO.csproj", "{82170607-827D-4F66-B01B-73B4CA47B473}"
EndProject
Project("{8BC9CEB8-8B4A-11D0-8D11-00A0C91BC942}") = "Reloaded.Mod.Loader.Bootstrapper", "Reloaded.Mod.Loader.Bootstrapper\Reloaded.Mod.Bootstrapper.vcxproj", "{56DFC45C-49FB-4409-823E-EE54637F58A1}"
EndProject
Project("{9A19103F-16F7-4668-BE54-9A1E7A4F7556}") = "Reloaded.Mod.Loader.Server", "Reloaded.Mod.Loader.Server\Reloaded.Mod.Loader.Server.csproj", "{9D416472-B721-4DF6-8218-63853A17D8F6}"
EndProject
Project("{2150E333-8FDC-42A3-9474-1A3956D46DE8}") = "Testing", "Testing", "{C958AA4D-5985-4F2E-8209-9B6187FF3D85}"
EndProject
Project("{2150E333-8FDC-42A3-9474-1A3956D46DE8}") = "Mods", "Mods", "{A4CECC87-3188-4D37-A64B-D15F5B001A9D}"
EndProject
Project("{9A19103F-16F7-4668-BE54-9A1E7A4F7556}") = "TestModA", "Testing\Mods\TestModA\TestModA.csproj", "{EC67FAEC-7D88-434D-A58D-6A8419929E25}"
EndProject
Project("{9A19103F-16F7-4668-BE54-9A1E7A4F7556}") = "TestModB", "Testing\Mods\TestModB\TestModB.csproj", "{7B523726-D5B6-4221-A2C4-3C6AC5E1F920}"
EndProject
Project("{9A19103F-16F7-4668-BE54-9A1E7A4F7556}") = "TestModC", "Testing\Mods\TestModC\TestModC.csproj", "{5273C2CC-15B1-4BDC-B8AF-D79AB844D6A3}"
EndProject
Project("{2150E333-8FDC-42A3-9474-1A3956D46DE8}") = "Apps", "Apps", "{C8E8D9FF-B579-4B1C-B3F9-F216125B80B8}"
EndProject
Project("{9A19103F-16F7-4668-BE54-9A1E7A4F7556}") = "TestAppA", "Testing\Apps\TestAppA\TestAppA.csproj", "{CF221377-F05C-4710-BDE0-63474A7F0B30}"
EndProject
Project("{9A19103F-16F7-4668-BE54-9A1E7A4F7556}") = "TestInterfaces", "Testing\Other\TestInterfaces\TestInterfaces.csproj", "{D0363CCD-17A6-4700-8C94-D4E3327C6A07}"
EndProject
Project("{9A19103F-16F7-4668-BE54-9A1E7A4F7556}") = "TestModD", "Testing\Mods\TestModD\TestModD.csproj", "{E036F18E-312A-4C78-A8E9-5E37E5EBA9B9}"
EndProject
Project("{9A19103F-16F7-4668-BE54-9A1E7A4F7556}") = "TestModE", "Testing\Mods\TestModE\TestModE.csproj", "{0C911851-C2F3-4E84-BF0D-413DAD7887A7}"
EndProject
Project("{9A19103F-16F7-4668-BE54-9A1E7A4F7556}") = "Reloaded.Mod.Loader.Update", "Reloaded.Mod.Loader.Update\Reloaded.Mod.Loader.Update.csproj", "{C374EC95-D1AB-4C30-8BF1-5BAA23754716}"
EndProject
Project("{2150E333-8FDC-42A3-9474-1A3956D46DE8}") = "Tools", "Tools", "{E74AA64B-677C-4C35-8599-03B59982FDFC}"
EndProject
Project("{9A19103F-16F7-4668-BE54-9A1E7A4F7556}") = "NuGetConverter", "Tools\NuGetConverter\NuGetConverter.csproj", "{4805E5D7-A321-41F3-9547-CAF69D688CFB}"
EndProject
Project("{9A19103F-16F7-4668-BE54-9A1E7A4F7556}") = "Reloaded.Mod.Installer.DependencyInstaller", "Reloaded.Mod.Installer.DependencyInstaller\Reloaded.Mod.Installer.DependencyInstaller.csproj", "{7748E7BC-52F8-49FB-A270-877F16F24680}"
EndProject
Project("{9A19103F-16F7-4668-BE54-9A1E7A4F7556}") = "Reloaded.Mod.Installer", "Reloaded.Mod.Installer\Reloaded.Mod.Installer.csproj", "{16DFA8F7-496D-4FF9-9A6E-032F7FD97B36}"
EndProject
Project("{9A19103F-16F7-4668-BE54-9A1E7A4F7556}") = "Reloaded.Mod.Launcher.Lib", "Reloaded.Mod.Launcher.Lib\Reloaded.Mod.Launcher.Lib.csproj", "{4D10ED29-B435-4B9C-A75B-A8961F6D3B31}"
EndProject
Project("{9A19103F-16F7-4668-BE54-9A1E7A4F7556}") = "Reloaded.Publisher", "Tools\Reloaded.Publisher\Reloaded.Publisher.csproj", "{4C458EA1-044F-43B5-8DC2-EF5AE2D7F45F}"
EndProject
Project("{9A19103F-16F7-4668-BE54-9A1E7A4F7556}") = "Reloaded.Mod.Loader.Update.Packaging", "Reloaded.Mod.Loader.Update.Packaging\Reloaded.Mod.Loader.Update.Packaging.csproj", "{3F44741D-8D33-4F71-94F6-EBF9B7399FB1}"
EndProject
Project("{9A19103F-16F7-4668-BE54-9A1E7A4F7556}") = "Reloaded.Mod.Loader.Community", "Reloaded.Mod.Loader.Community\Reloaded.Mod.Loader.Community.csproj", "{C529F382-25A3-4C1F-A877-0ED4E53EFF20}"
EndProject
Project("{9A19103F-16F7-4668-BE54-9A1E7A4F7556}") = "Reloaded.Community.Tool", "Tools\Reloaded.Community.Tool\Reloaded.Community.Tool.csproj", "{16976E7C-4826-40E5-9E17-2C4266394FD5}"
EndProject
Project("{9A19103F-16F7-4668-BE54-9A1E7A4F7556}") = "Reloaded.Mod.Template.NuGet", "Reloaded.Mod.Template\Reloaded.Mod.Template.NuGet.csproj", "{4914B6D0-C38B-4633-BA1F-4CF8143FE7F7}"
EndProject
Project("{2150E333-8FDC-42A3-9474-1A3956D46DE8}") = "Templates", "Templates", "{5E60B8D6-820D-4CD6-A0FE-DC2DA574499F}"
EndProject
Project("{2150E333-8FDC-42A3-9474-1A3956D46DE8}") = "configurable", "configurable", "{D61BEC35-E70A-4C4D-B398-7D3E1A29D03B}"
EndProject
Project("{9A19103F-16F7-4668-BE54-9A1E7A4F7556}") = "Reloaded.Mod.Template", "Reloaded.Mod.Template\templates\configurable\Reloaded.Mod.Template.csproj", "{229E092C-5309-4077-9A09-70A5ADA3816D}"
EndProject
Project("{2150E333-8FDC-42A3-9474-1A3956D46DE8}") = "Mods", "Mods", "{197F0BD0-0209-48C4-BB46-B853A4BFA132}"
EndProject
Project("{9A19103F-16F7-4668-BE54-9A1E7A4F7556}") = "Reloaded.Utils.Server", "Mods\Reloaded.Utils.Server\Reloaded.Utils.Server.csproj", "{EFEE7C5A-A1E7-44E8-9640-B0194146501C}"
EndProject
Project("{D954291E-2A0B-460D-934E-DC6B0785DB48}") = "Reloaded.Mod.Loader.IPC", "Reloaded.Mod.Loader.IPC\Reloaded.Mod.Loader.IPC.shproj", "{1050BFD3-EDA7-4AA1-BFF8-DD9DB0C8EE79}"
EndProject
Project("{D954291E-2A0B-460D-934E-DC6B0785DB48}") = "Reloaded.Mod.Shared", "Reloaded.Mod.Shared\Reloaded.Mod.Shared.shproj", "{D322E71A-F32E-42E9-8340-C747D3D9028C}"
EndProject
Project("{9A19103F-16F7-4668-BE54-9A1E7A4F7556}") = "Reloaded.AutoIndexBuilder", "Tools\Reloaded.AutoIndexBuilder\Reloaded.AutoIndexBuilder.csproj", "{2A15B427-2008-40C4-9D45-A536AC67D433}"
EndProject
Project("{FAE04EC0-301F-11D3-BF4B-00C04F79EFBC}") = "TestModControlParams", "Testing\Mods\TestModControlParams\TestModControlParams.csproj", "{17147B47-9D02-4D39-8B6A-D3C9514333C9}"
EndProject
Global
	GlobalSection(SolutionConfigurationPlatforms) = preSolution
		Debug|Any CPU = Debug|Any CPU
		Debug|X64+X86 = Debug|X64+X86
		Debug-ModLoaderOnly|Any CPU = Debug-ModLoaderOnly|Any CPU
		Debug-ModLoaderOnly|X64+X86 = Debug-ModLoaderOnly|X64+X86
		Release|Any CPU = Release|Any CPU
		Release|X64+X86 = Release|X64+X86
		Release-ModLoaderOnly|Any CPU = Release-ModLoaderOnly|Any CPU
		Release-ModLoaderOnly|X64+X86 = Release-ModLoaderOnly|X64+X86
	EndGlobalSection
	GlobalSection(ProjectConfigurationPlatforms) = postSolution
		{159EF9A3-1B08-45F8-97CA-8DD72BC91936}.Debug|Any CPU.ActiveCfg = Debug|Any CPU
		{159EF9A3-1B08-45F8-97CA-8DD72BC91936}.Debug|Any CPU.Build.0 = Debug|Any CPU
		{159EF9A3-1B08-45F8-97CA-8DD72BC91936}.Debug|X64+X86.ActiveCfg = Debug|Any CPU
		{159EF9A3-1B08-45F8-97CA-8DD72BC91936}.Debug|X64+X86.Build.0 = Debug|Any CPU
		{159EF9A3-1B08-45F8-97CA-8DD72BC91936}.Debug-ModLoaderOnly|Any CPU.ActiveCfg = Debug|Any CPU
		{159EF9A3-1B08-45F8-97CA-8DD72BC91936}.Debug-ModLoaderOnly|Any CPU.Build.0 = Debug|Any CPU
		{159EF9A3-1B08-45F8-97CA-8DD72BC91936}.Debug-ModLoaderOnly|X64+X86.ActiveCfg = Debug|Any CPU
		{159EF9A3-1B08-45F8-97CA-8DD72BC91936}.Debug-ModLoaderOnly|X64+X86.Build.0 = Debug|Any CPU
		{159EF9A3-1B08-45F8-97CA-8DD72BC91936}.Release|Any CPU.ActiveCfg = Release|Any CPU
		{159EF9A3-1B08-45F8-97CA-8DD72BC91936}.Release|Any CPU.Build.0 = Release|Any CPU
		{159EF9A3-1B08-45F8-97CA-8DD72BC91936}.Release|X64+X86.ActiveCfg = Release|Any CPU
		{159EF9A3-1B08-45F8-97CA-8DD72BC91936}.Release|X64+X86.Build.0 = Release|Any CPU
		{159EF9A3-1B08-45F8-97CA-8DD72BC91936}.Release-ModLoaderOnly|Any CPU.ActiveCfg = Release|Any CPU
		{159EF9A3-1B08-45F8-97CA-8DD72BC91936}.Release-ModLoaderOnly|Any CPU.Build.0 = Release|Any CPU
		{159EF9A3-1B08-45F8-97CA-8DD72BC91936}.Release-ModLoaderOnly|X64+X86.ActiveCfg = Release|Any CPU
		{159EF9A3-1B08-45F8-97CA-8DD72BC91936}.Release-ModLoaderOnly|X64+X86.Build.0 = Release|Any CPU
		{23A7DB81-C58A-49EE-9AE0-A6C1E1064A6A}.Debug|Any CPU.ActiveCfg = Debug|Any CPU
		{23A7DB81-C58A-49EE-9AE0-A6C1E1064A6A}.Debug|Any CPU.Build.0 = Debug|Any CPU
		{23A7DB81-C58A-49EE-9AE0-A6C1E1064A6A}.Debug|X64+X86.ActiveCfg = Debug|Any CPU
		{23A7DB81-C58A-49EE-9AE0-A6C1E1064A6A}.Debug|X64+X86.Build.0 = Debug|Any CPU
		{23A7DB81-C58A-49EE-9AE0-A6C1E1064A6A}.Debug-ModLoaderOnly|Any CPU.ActiveCfg = Debug|Any CPU
		{23A7DB81-C58A-49EE-9AE0-A6C1E1064A6A}.Debug-ModLoaderOnly|Any CPU.Build.0 = Debug|Any CPU
		{23A7DB81-C58A-49EE-9AE0-A6C1E1064A6A}.Debug-ModLoaderOnly|X64+X86.ActiveCfg = Debug|Any CPU
		{23A7DB81-C58A-49EE-9AE0-A6C1E1064A6A}.Debug-ModLoaderOnly|X64+X86.Build.0 = Debug|Any CPU
		{23A7DB81-C58A-49EE-9AE0-A6C1E1064A6A}.Release|Any CPU.ActiveCfg = Release|Any CPU
		{23A7DB81-C58A-49EE-9AE0-A6C1E1064A6A}.Release|Any CPU.Build.0 = Release|Any CPU
		{23A7DB81-C58A-49EE-9AE0-A6C1E1064A6A}.Release|X64+X86.ActiveCfg = Release|Any CPU
		{23A7DB81-C58A-49EE-9AE0-A6C1E1064A6A}.Release|X64+X86.Build.0 = Release|Any CPU
		{23A7DB81-C58A-49EE-9AE0-A6C1E1064A6A}.Release-ModLoaderOnly|Any CPU.ActiveCfg = Release|Any CPU
		{23A7DB81-C58A-49EE-9AE0-A6C1E1064A6A}.Release-ModLoaderOnly|Any CPU.Build.0 = Release|Any CPU
		{23A7DB81-C58A-49EE-9AE0-A6C1E1064A6A}.Release-ModLoaderOnly|X64+X86.ActiveCfg = Release|Any CPU
		{23A7DB81-C58A-49EE-9AE0-A6C1E1064A6A}.Release-ModLoaderOnly|X64+X86.Build.0 = Release|Any CPU
		{CF3E2DC7-04F8-4878-97F4-1BCF950AC97D}.Debug|Any CPU.ActiveCfg = Debug|x64
		{CF3E2DC7-04F8-4878-97F4-1BCF950AC97D}.Debug|Any CPU.Build.0 = Debug|x64
		{CF3E2DC7-04F8-4878-97F4-1BCF950AC97D}.Debug|X64+X86.ActiveCfg = Debug|x64
		{CF3E2DC7-04F8-4878-97F4-1BCF950AC97D}.Debug|X64+X86.Build.0 = Debug|x64
		{CF3E2DC7-04F8-4878-97F4-1BCF950AC97D}.Debug-ModLoaderOnly|Any CPU.ActiveCfg = Debug|x64
		{CF3E2DC7-04F8-4878-97F4-1BCF950AC97D}.Debug-ModLoaderOnly|Any CPU.Build.0 = Debug|x64
		{CF3E2DC7-04F8-4878-97F4-1BCF950AC97D}.Debug-ModLoaderOnly|X64+X86.ActiveCfg = Debug|x64
		{CF3E2DC7-04F8-4878-97F4-1BCF950AC97D}.Debug-ModLoaderOnly|X64+X86.Build.0 = Debug|x64
		{CF3E2DC7-04F8-4878-97F4-1BCF950AC97D}.Release|Any CPU.ActiveCfg = Release|x64
		{CF3E2DC7-04F8-4878-97F4-1BCF950AC97D}.Release|Any CPU.Build.0 = Release|x64
		{CF3E2DC7-04F8-4878-97F4-1BCF950AC97D}.Release|X64+X86.ActiveCfg = Release|x64
		{CF3E2DC7-04F8-4878-97F4-1BCF950AC97D}.Release|X64+X86.Build.0 = Release|x64
		{CF3E2DC7-04F8-4878-97F4-1BCF950AC97D}.Release-ModLoaderOnly|Any CPU.ActiveCfg = Release|x64
		{CF3E2DC7-04F8-4878-97F4-1BCF950AC97D}.Release-ModLoaderOnly|Any CPU.Build.0 = Release|x64
		{CF3E2DC7-04F8-4878-97F4-1BCF950AC97D}.Release-ModLoaderOnly|X64+X86.ActiveCfg = Release|x64
		{CF3E2DC7-04F8-4878-97F4-1BCF950AC97D}.Release-ModLoaderOnly|X64+X86.Build.0 = Release|x64
		{305129E2-ED0F-45A5-BEBB-72202B002AF1}.Debug|Any CPU.ActiveCfg = Debug|Any CPU
		{305129E2-ED0F-45A5-BEBB-72202B002AF1}.Debug|Any CPU.Build.0 = Debug|Any CPU
		{305129E2-ED0F-45A5-BEBB-72202B002AF1}.Debug|X64+X86.ActiveCfg = Debug|Any CPU
		{305129E2-ED0F-45A5-BEBB-72202B002AF1}.Debug|X64+X86.Build.0 = Debug|Any CPU
		{305129E2-ED0F-45A5-BEBB-72202B002AF1}.Debug-ModLoaderOnly|Any CPU.ActiveCfg = Debug|Any CPU
		{305129E2-ED0F-45A5-BEBB-72202B002AF1}.Debug-ModLoaderOnly|Any CPU.Build.0 = Debug|Any CPU
		{305129E2-ED0F-45A5-BEBB-72202B002AF1}.Debug-ModLoaderOnly|X64+X86.ActiveCfg = Debug|Any CPU
		{305129E2-ED0F-45A5-BEBB-72202B002AF1}.Release|Any CPU.ActiveCfg = Release|Any CPU
		{305129E2-ED0F-45A5-BEBB-72202B002AF1}.Release|Any CPU.Build.0 = Release|Any CPU
		{305129E2-ED0F-45A5-BEBB-72202B002AF1}.Release|X64+X86.ActiveCfg = Release|Any CPU
		{305129E2-ED0F-45A5-BEBB-72202B002AF1}.Release|X64+X86.Build.0 = Release|Any CPU
		{305129E2-ED0F-45A5-BEBB-72202B002AF1}.Release-ModLoaderOnly|Any CPU.ActiveCfg = Release|Any CPU
		{305129E2-ED0F-45A5-BEBB-72202B002AF1}.Release-ModLoaderOnly|Any CPU.Build.0 = Release|Any CPU
		{305129E2-ED0F-45A5-BEBB-72202B002AF1}.Release-ModLoaderOnly|X64+X86.ActiveCfg = Release|Any CPU
		{82170607-827D-4F66-B01B-73B4CA47B473}.Debug|Any CPU.ActiveCfg = Debug|Any CPU
		{82170607-827D-4F66-B01B-73B4CA47B473}.Debug|Any CPU.Build.0 = Debug|Any CPU
		{82170607-827D-4F66-B01B-73B4CA47B473}.Debug|X64+X86.ActiveCfg = Debug|Any CPU
		{82170607-827D-4F66-B01B-73B4CA47B473}.Debug|X64+X86.Build.0 = Debug|Any CPU
		{82170607-827D-4F66-B01B-73B4CA47B473}.Debug-ModLoaderOnly|Any CPU.ActiveCfg = Debug|Any CPU
		{82170607-827D-4F66-B01B-73B4CA47B473}.Debug-ModLoaderOnly|Any CPU.Build.0 = Debug|Any CPU
		{82170607-827D-4F66-B01B-73B4CA47B473}.Debug-ModLoaderOnly|X64+X86.ActiveCfg = Debug|Any CPU
		{82170607-827D-4F66-B01B-73B4CA47B473}.Debug-ModLoaderOnly|X64+X86.Build.0 = Debug|Any CPU
		{82170607-827D-4F66-B01B-73B4CA47B473}.Release|Any CPU.ActiveCfg = Release|Any CPU
		{82170607-827D-4F66-B01B-73B4CA47B473}.Release|Any CPU.Build.0 = Release|Any CPU
		{82170607-827D-4F66-B01B-73B4CA47B473}.Release|X64+X86.ActiveCfg = Release|Any CPU
		{82170607-827D-4F66-B01B-73B4CA47B473}.Release|X64+X86.Build.0 = Release|Any CPU
		{82170607-827D-4F66-B01B-73B4CA47B473}.Release-ModLoaderOnly|Any CPU.ActiveCfg = Release|Any CPU
		{82170607-827D-4F66-B01B-73B4CA47B473}.Release-ModLoaderOnly|Any CPU.Build.0 = Release|Any CPU
		{82170607-827D-4F66-B01B-73B4CA47B473}.Release-ModLoaderOnly|X64+X86.ActiveCfg = Release|Any CPU
		{82170607-827D-4F66-B01B-73B4CA47B473}.Release-ModLoaderOnly|X64+X86.Build.0 = Release|Any CPU
		{56DFC45C-49FB-4409-823E-EE54637F58A1}.Debug|Any CPU.ActiveCfg = Debug|x64
		{56DFC45C-49FB-4409-823E-EE54637F58A1}.Debug|Any CPU.Build.0 = Debug|x64
		{56DFC45C-49FB-4409-823E-EE54637F58A1}.Debug|X64+X86.ActiveCfg = Debug|x64
		{56DFC45C-49FB-4409-823E-EE54637F58A1}.Debug|X64+X86.Build.0 = Debug|x64
		{56DFC45C-49FB-4409-823E-EE54637F58A1}.Debug-ModLoaderOnly|Any CPU.ActiveCfg = Debug|x64
		{56DFC45C-49FB-4409-823E-EE54637F58A1}.Debug-ModLoaderOnly|Any CPU.Build.0 = Debug|x64
		{56DFC45C-49FB-4409-823E-EE54637F58A1}.Debug-ModLoaderOnly|X64+X86.ActiveCfg = Debug|x64
		{56DFC45C-49FB-4409-823E-EE54637F58A1}.Debug-ModLoaderOnly|X64+X86.Build.0 = Debug|x64
		{56DFC45C-49FB-4409-823E-EE54637F58A1}.Release|Any CPU.ActiveCfg = Release|x64
		{56DFC45C-49FB-4409-823E-EE54637F58A1}.Release|Any CPU.Build.0 = Release|x64
		{56DFC45C-49FB-4409-823E-EE54637F58A1}.Release|X64+X86.ActiveCfg = Release|x64
		{56DFC45C-49FB-4409-823E-EE54637F58A1}.Release|X64+X86.Build.0 = Release|x64
		{56DFC45C-49FB-4409-823E-EE54637F58A1}.Release-ModLoaderOnly|Any CPU.ActiveCfg = Release|x64
		{56DFC45C-49FB-4409-823E-EE54637F58A1}.Release-ModLoaderOnly|Any CPU.Build.0 = Release|x64
		{56DFC45C-49FB-4409-823E-EE54637F58A1}.Release-ModLoaderOnly|X64+X86.ActiveCfg = Release|x64
		{56DFC45C-49FB-4409-823E-EE54637F58A1}.Release-ModLoaderOnly|X64+X86.Build.0 = Release|x64
		{9D416472-B721-4DF6-8218-63853A17D8F6}.Debug|Any CPU.ActiveCfg = Debug|Any CPU
		{9D416472-B721-4DF6-8218-63853A17D8F6}.Debug|Any CPU.Build.0 = Debug|Any CPU
		{9D416472-B721-4DF6-8218-63853A17D8F6}.Debug|X64+X86.ActiveCfg = Debug|Any CPU
		{9D416472-B721-4DF6-8218-63853A17D8F6}.Debug|X64+X86.Build.0 = Debug|Any CPU
		{9D416472-B721-4DF6-8218-63853A17D8F6}.Debug-ModLoaderOnly|Any CPU.ActiveCfg = Debug|Any CPU
		{9D416472-B721-4DF6-8218-63853A17D8F6}.Debug-ModLoaderOnly|Any CPU.Build.0 = Debug|Any CPU
		{9D416472-B721-4DF6-8218-63853A17D8F6}.Debug-ModLoaderOnly|X64+X86.ActiveCfg = Debug|Any CPU
		{9D416472-B721-4DF6-8218-63853A17D8F6}.Debug-ModLoaderOnly|X64+X86.Build.0 = Debug|Any CPU
		{9D416472-B721-4DF6-8218-63853A17D8F6}.Release|Any CPU.ActiveCfg = Release|Any CPU
		{9D416472-B721-4DF6-8218-63853A17D8F6}.Release|Any CPU.Build.0 = Release|Any CPU
		{9D416472-B721-4DF6-8218-63853A17D8F6}.Release|X64+X86.ActiveCfg = Release|Any CPU
		{9D416472-B721-4DF6-8218-63853A17D8F6}.Release|X64+X86.Build.0 = Release|Any CPU
		{9D416472-B721-4DF6-8218-63853A17D8F6}.Release-ModLoaderOnly|Any CPU.ActiveCfg = Release|Any CPU
		{9D416472-B721-4DF6-8218-63853A17D8F6}.Release-ModLoaderOnly|Any CPU.Build.0 = Release|Any CPU
		{9D416472-B721-4DF6-8218-63853A17D8F6}.Release-ModLoaderOnly|X64+X86.ActiveCfg = Release|Any CPU
		{9D416472-B721-4DF6-8218-63853A17D8F6}.Release-ModLoaderOnly|X64+X86.Build.0 = Release|Any CPU
		{EC67FAEC-7D88-434D-A58D-6A8419929E25}.Debug|Any CPU.ActiveCfg = Debug|Any CPU
		{EC67FAEC-7D88-434D-A58D-6A8419929E25}.Debug|Any CPU.Build.0 = Debug|Any CPU
		{EC67FAEC-7D88-434D-A58D-6A8419929E25}.Debug|X64+X86.ActiveCfg = Debug|Any CPU
		{EC67FAEC-7D88-434D-A58D-6A8419929E25}.Debug|X64+X86.Build.0 = Debug|Any CPU
		{EC67FAEC-7D88-434D-A58D-6A8419929E25}.Debug-ModLoaderOnly|Any CPU.ActiveCfg = Debug|Any CPU
		{EC67FAEC-7D88-434D-A58D-6A8419929E25}.Debug-ModLoaderOnly|Any CPU.Build.0 = Debug|Any CPU
		{EC67FAEC-7D88-434D-A58D-6A8419929E25}.Debug-ModLoaderOnly|X64+X86.ActiveCfg = Debug|Any CPU
		{EC67FAEC-7D88-434D-A58D-6A8419929E25}.Release|Any CPU.ActiveCfg = Release|Any CPU
		{EC67FAEC-7D88-434D-A58D-6A8419929E25}.Release|Any CPU.Build.0 = Release|Any CPU
		{EC67FAEC-7D88-434D-A58D-6A8419929E25}.Release|X64+X86.ActiveCfg = Release|Any CPU
		{EC67FAEC-7D88-434D-A58D-6A8419929E25}.Release|X64+X86.Build.0 = Release|Any CPU
		{EC67FAEC-7D88-434D-A58D-6A8419929E25}.Release-ModLoaderOnly|Any CPU.ActiveCfg = Release|Any CPU
		{EC67FAEC-7D88-434D-A58D-6A8419929E25}.Release-ModLoaderOnly|Any CPU.Build.0 = Release|Any CPU
		{EC67FAEC-7D88-434D-A58D-6A8419929E25}.Release-ModLoaderOnly|X64+X86.ActiveCfg = Release|Any CPU
		{7B523726-D5B6-4221-A2C4-3C6AC5E1F920}.Debug|Any CPU.ActiveCfg = Debug|Any CPU
		{7B523726-D5B6-4221-A2C4-3C6AC5E1F920}.Debug|Any CPU.Build.0 = Debug|Any CPU
		{7B523726-D5B6-4221-A2C4-3C6AC5E1F920}.Debug|X64+X86.ActiveCfg = Debug|Any CPU
		{7B523726-D5B6-4221-A2C4-3C6AC5E1F920}.Debug|X64+X86.Build.0 = Debug|Any CPU
		{7B523726-D5B6-4221-A2C4-3C6AC5E1F920}.Debug-ModLoaderOnly|Any CPU.ActiveCfg = Debug|Any CPU
		{7B523726-D5B6-4221-A2C4-3C6AC5E1F920}.Debug-ModLoaderOnly|Any CPU.Build.0 = Debug|Any CPU
		{7B523726-D5B6-4221-A2C4-3C6AC5E1F920}.Debug-ModLoaderOnly|X64+X86.ActiveCfg = Debug|Any CPU
		{7B523726-D5B6-4221-A2C4-3C6AC5E1F920}.Release|Any CPU.ActiveCfg = Release|Any CPU
		{7B523726-D5B6-4221-A2C4-3C6AC5E1F920}.Release|Any CPU.Build.0 = Release|Any CPU
		{7B523726-D5B6-4221-A2C4-3C6AC5E1F920}.Release|X64+X86.ActiveCfg = Release|Any CPU
		{7B523726-D5B6-4221-A2C4-3C6AC5E1F920}.Release|X64+X86.Build.0 = Release|Any CPU
		{7B523726-D5B6-4221-A2C4-3C6AC5E1F920}.Release-ModLoaderOnly|Any CPU.ActiveCfg = Release|Any CPU
		{7B523726-D5B6-4221-A2C4-3C6AC5E1F920}.Release-ModLoaderOnly|Any CPU.Build.0 = Release|Any CPU
		{7B523726-D5B6-4221-A2C4-3C6AC5E1F920}.Release-ModLoaderOnly|X64+X86.ActiveCfg = Release|Any CPU
		{5273C2CC-15B1-4BDC-B8AF-D79AB844D6A3}.Debug|Any CPU.ActiveCfg = Debug|Any CPU
		{5273C2CC-15B1-4BDC-B8AF-D79AB844D6A3}.Debug|Any CPU.Build.0 = Debug|Any CPU
		{5273C2CC-15B1-4BDC-B8AF-D79AB844D6A3}.Debug|X64+X86.ActiveCfg = Debug|Any CPU
		{5273C2CC-15B1-4BDC-B8AF-D79AB844D6A3}.Debug|X64+X86.Build.0 = Debug|Any CPU
		{5273C2CC-15B1-4BDC-B8AF-D79AB844D6A3}.Debug-ModLoaderOnly|Any CPU.ActiveCfg = Debug|Any CPU
		{5273C2CC-15B1-4BDC-B8AF-D79AB844D6A3}.Debug-ModLoaderOnly|Any CPU.Build.0 = Debug|Any CPU
		{5273C2CC-15B1-4BDC-B8AF-D79AB844D6A3}.Debug-ModLoaderOnly|X64+X86.ActiveCfg = Debug|Any CPU
		{5273C2CC-15B1-4BDC-B8AF-D79AB844D6A3}.Release|Any CPU.ActiveCfg = Release|Any CPU
		{5273C2CC-15B1-4BDC-B8AF-D79AB844D6A3}.Release|Any CPU.Build.0 = Release|Any CPU
		{5273C2CC-15B1-4BDC-B8AF-D79AB844D6A3}.Release|X64+X86.ActiveCfg = Release|Any CPU
		{5273C2CC-15B1-4BDC-B8AF-D79AB844D6A3}.Release|X64+X86.Build.0 = Release|Any CPU
		{5273C2CC-15B1-4BDC-B8AF-D79AB844D6A3}.Release-ModLoaderOnly|Any CPU.ActiveCfg = Release|Any CPU
		{5273C2CC-15B1-4BDC-B8AF-D79AB844D6A3}.Release-ModLoaderOnly|Any CPU.Build.0 = Release|Any CPU
		{5273C2CC-15B1-4BDC-B8AF-D79AB844D6A3}.Release-ModLoaderOnly|X64+X86.ActiveCfg = Release|Any CPU
		{CF221377-F05C-4710-BDE0-63474A7F0B30}.Debug|Any CPU.ActiveCfg = Debug|Any CPU
		{CF221377-F05C-4710-BDE0-63474A7F0B30}.Debug|Any CPU.Build.0 = Debug|Any CPU
		{CF221377-F05C-4710-BDE0-63474A7F0B30}.Debug|X64+X86.ActiveCfg = Debug|Any CPU
		{CF221377-F05C-4710-BDE0-63474A7F0B30}.Debug|X64+X86.Build.0 = Debug|Any CPU
		{CF221377-F05C-4710-BDE0-63474A7F0B30}.Debug-ModLoaderOnly|Any CPU.ActiveCfg = Debug|Any CPU
		{CF221377-F05C-4710-BDE0-63474A7F0B30}.Debug-ModLoaderOnly|Any CPU.Build.0 = Debug|Any CPU
		{CF221377-F05C-4710-BDE0-63474A7F0B30}.Debug-ModLoaderOnly|X64+X86.ActiveCfg = Debug|Any CPU
		{CF221377-F05C-4710-BDE0-63474A7F0B30}.Release|Any CPU.ActiveCfg = Release|Any CPU
		{CF221377-F05C-4710-BDE0-63474A7F0B30}.Release|Any CPU.Build.0 = Release|Any CPU
		{CF221377-F05C-4710-BDE0-63474A7F0B30}.Release|X64+X86.ActiveCfg = Release|Any CPU
		{CF221377-F05C-4710-BDE0-63474A7F0B30}.Release|X64+X86.Build.0 = Release|Any CPU
		{CF221377-F05C-4710-BDE0-63474A7F0B30}.Release-ModLoaderOnly|Any CPU.ActiveCfg = Release|Any CPU
		{CF221377-F05C-4710-BDE0-63474A7F0B30}.Release-ModLoaderOnly|Any CPU.Build.0 = Release|Any CPU
		{CF221377-F05C-4710-BDE0-63474A7F0B30}.Release-ModLoaderOnly|X64+X86.ActiveCfg = Release|Any CPU
		{D0363CCD-17A6-4700-8C94-D4E3327C6A07}.Debug|Any CPU.ActiveCfg = Debug|Any CPU
		{D0363CCD-17A6-4700-8C94-D4E3327C6A07}.Debug|Any CPU.Build.0 = Debug|Any CPU
		{D0363CCD-17A6-4700-8C94-D4E3327C6A07}.Debug|X64+X86.ActiveCfg = Debug|Any CPU
		{D0363CCD-17A6-4700-8C94-D4E3327C6A07}.Debug|X64+X86.Build.0 = Debug|Any CPU
		{D0363CCD-17A6-4700-8C94-D4E3327C6A07}.Debug-ModLoaderOnly|Any CPU.ActiveCfg = Debug|Any CPU
		{D0363CCD-17A6-4700-8C94-D4E3327C6A07}.Debug-ModLoaderOnly|Any CPU.Build.0 = Debug|Any CPU
		{D0363CCD-17A6-4700-8C94-D4E3327C6A07}.Debug-ModLoaderOnly|X64+X86.ActiveCfg = Debug|Any CPU
		{D0363CCD-17A6-4700-8C94-D4E3327C6A07}.Release|Any CPU.ActiveCfg = Release|Any CPU
		{D0363CCD-17A6-4700-8C94-D4E3327C6A07}.Release|Any CPU.Build.0 = Release|Any CPU
		{D0363CCD-17A6-4700-8C94-D4E3327C6A07}.Release|X64+X86.ActiveCfg = Release|Any CPU
		{D0363CCD-17A6-4700-8C94-D4E3327C6A07}.Release|X64+X86.Build.0 = Release|Any CPU
		{D0363CCD-17A6-4700-8C94-D4E3327C6A07}.Release-ModLoaderOnly|Any CPU.ActiveCfg = Release|Any CPU
		{D0363CCD-17A6-4700-8C94-D4E3327C6A07}.Release-ModLoaderOnly|Any CPU.Build.0 = Release|Any CPU
		{D0363CCD-17A6-4700-8C94-D4E3327C6A07}.Release-ModLoaderOnly|X64+X86.ActiveCfg = Release|Any CPU
		{E036F18E-312A-4C78-A8E9-5E37E5EBA9B9}.Debug|Any CPU.ActiveCfg = Debug|Any CPU
		{E036F18E-312A-4C78-A8E9-5E37E5EBA9B9}.Debug|Any CPU.Build.0 = Debug|Any CPU
		{E036F18E-312A-4C78-A8E9-5E37E5EBA9B9}.Debug|X64+X86.ActiveCfg = Debug|Any CPU
		{E036F18E-312A-4C78-A8E9-5E37E5EBA9B9}.Debug|X64+X86.Build.0 = Debug|Any CPU
		{E036F18E-312A-4C78-A8E9-5E37E5EBA9B9}.Debug-ModLoaderOnly|Any CPU.ActiveCfg = Debug|Any CPU
		{E036F18E-312A-4C78-A8E9-5E37E5EBA9B9}.Debug-ModLoaderOnly|Any CPU.Build.0 = Debug|Any CPU
		{E036F18E-312A-4C78-A8E9-5E37E5EBA9B9}.Debug-ModLoaderOnly|X64+X86.ActiveCfg = Debug|Any CPU
		{E036F18E-312A-4C78-A8E9-5E37E5EBA9B9}.Release|Any CPU.ActiveCfg = Release|Any CPU
		{E036F18E-312A-4C78-A8E9-5E37E5EBA9B9}.Release|Any CPU.Build.0 = Release|Any CPU
		{E036F18E-312A-4C78-A8E9-5E37E5EBA9B9}.Release|X64+X86.ActiveCfg = Release|Any CPU
		{E036F18E-312A-4C78-A8E9-5E37E5EBA9B9}.Release|X64+X86.Build.0 = Release|Any CPU
		{E036F18E-312A-4C78-A8E9-5E37E5EBA9B9}.Release-ModLoaderOnly|Any CPU.ActiveCfg = Release|Any CPU
		{E036F18E-312A-4C78-A8E9-5E37E5EBA9B9}.Release-ModLoaderOnly|Any CPU.Build.0 = Release|Any CPU
		{E036F18E-312A-4C78-A8E9-5E37E5EBA9B9}.Release-ModLoaderOnly|X64+X86.ActiveCfg = Release|Any CPU
		{0C911851-C2F3-4E84-BF0D-413DAD7887A7}.Debug|Any CPU.ActiveCfg = Debug|Any CPU
		{0C911851-C2F3-4E84-BF0D-413DAD7887A7}.Debug|Any CPU.Build.0 = Debug|Any CPU
		{0C911851-C2F3-4E84-BF0D-413DAD7887A7}.Debug|X64+X86.ActiveCfg = Debug|Any CPU
		{0C911851-C2F3-4E84-BF0D-413DAD7887A7}.Debug|X64+X86.Build.0 = Debug|Any CPU
		{0C911851-C2F3-4E84-BF0D-413DAD7887A7}.Debug-ModLoaderOnly|Any CPU.ActiveCfg = Debug|Any CPU
		{0C911851-C2F3-4E84-BF0D-413DAD7887A7}.Debug-ModLoaderOnly|Any CPU.Build.0 = Debug|Any CPU
		{0C911851-C2F3-4E84-BF0D-413DAD7887A7}.Debug-ModLoaderOnly|X64+X86.ActiveCfg = Debug|Any CPU
		{0C911851-C2F3-4E84-BF0D-413DAD7887A7}.Release|Any CPU.ActiveCfg = Release|Any CPU
		{0C911851-C2F3-4E84-BF0D-413DAD7887A7}.Release|Any CPU.Build.0 = Release|Any CPU
		{0C911851-C2F3-4E84-BF0D-413DAD7887A7}.Release|X64+X86.ActiveCfg = Release|Any CPU
		{0C911851-C2F3-4E84-BF0D-413DAD7887A7}.Release|X64+X86.Build.0 = Release|Any CPU
		{0C911851-C2F3-4E84-BF0D-413DAD7887A7}.Release-ModLoaderOnly|Any CPU.ActiveCfg = Release|Any CPU
		{0C911851-C2F3-4E84-BF0D-413DAD7887A7}.Release-ModLoaderOnly|Any CPU.Build.0 = Release|Any CPU
		{0C911851-C2F3-4E84-BF0D-413DAD7887A7}.Release-ModLoaderOnly|X64+X86.ActiveCfg = Release|Any CPU
		{C374EC95-D1AB-4C30-8BF1-5BAA23754716}.Debug|Any CPU.ActiveCfg = Debug|Any CPU
		{C374EC95-D1AB-4C30-8BF1-5BAA23754716}.Debug|Any CPU.Build.0 = Debug|Any CPU
		{C374EC95-D1AB-4C30-8BF1-5BAA23754716}.Debug|X64+X86.ActiveCfg = Debug|Any CPU
		{C374EC95-D1AB-4C30-8BF1-5BAA23754716}.Debug|X64+X86.Build.0 = Debug|Any CPU
		{C374EC95-D1AB-4C30-8BF1-5BAA23754716}.Debug-ModLoaderOnly|Any CPU.ActiveCfg = Debug|Any CPU
		{C374EC95-D1AB-4C30-8BF1-5BAA23754716}.Debug-ModLoaderOnly|Any CPU.Build.0 = Debug|Any CPU
		{C374EC95-D1AB-4C30-8BF1-5BAA23754716}.Debug-ModLoaderOnly|X64+X86.ActiveCfg = Debug|Any CPU
		{C374EC95-D1AB-4C30-8BF1-5BAA23754716}.Debug-ModLoaderOnly|X64+X86.Build.0 = Debug|Any CPU
		{C374EC95-D1AB-4C30-8BF1-5BAA23754716}.Release|Any CPU.ActiveCfg = Release|Any CPU
		{C374EC95-D1AB-4C30-8BF1-5BAA23754716}.Release|Any CPU.Build.0 = Release|Any CPU
		{C374EC95-D1AB-4C30-8BF1-5BAA23754716}.Release|X64+X86.ActiveCfg = Release|Any CPU
		{C374EC95-D1AB-4C30-8BF1-5BAA23754716}.Release|X64+X86.Build.0 = Release|Any CPU
		{C374EC95-D1AB-4C30-8BF1-5BAA23754716}.Release-ModLoaderOnly|Any CPU.ActiveCfg = Release|Any CPU
		{C374EC95-D1AB-4C30-8BF1-5BAA23754716}.Release-ModLoaderOnly|Any CPU.Build.0 = Release|Any CPU
		{C374EC95-D1AB-4C30-8BF1-5BAA23754716}.Release-ModLoaderOnly|X64+X86.ActiveCfg = Release|Any CPU
		{C374EC95-D1AB-4C30-8BF1-5BAA23754716}.Release-ModLoaderOnly|X64+X86.Build.0 = Release|Any CPU
		{4805E5D7-A321-41F3-9547-CAF69D688CFB}.Debug|Any CPU.ActiveCfg = Debug|Any CPU
		{4805E5D7-A321-41F3-9547-CAF69D688CFB}.Debug|Any CPU.Build.0 = Debug|Any CPU
		{4805E5D7-A321-41F3-9547-CAF69D688CFB}.Debug|X64+X86.ActiveCfg = Debug|Any CPU
		{4805E5D7-A321-41F3-9547-CAF69D688CFB}.Debug|X64+X86.Build.0 = Debug|Any CPU
		{4805E5D7-A321-41F3-9547-CAF69D688CFB}.Debug-ModLoaderOnly|Any CPU.ActiveCfg = Debug|Any CPU
		{4805E5D7-A321-41F3-9547-CAF69D688CFB}.Debug-ModLoaderOnly|Any CPU.Build.0 = Debug|Any CPU
		{4805E5D7-A321-41F3-9547-CAF69D688CFB}.Debug-ModLoaderOnly|X64+X86.ActiveCfg = Debug|Any CPU
		{4805E5D7-A321-41F3-9547-CAF69D688CFB}.Release|Any CPU.ActiveCfg = Release|Any CPU
		{4805E5D7-A321-41F3-9547-CAF69D688CFB}.Release|Any CPU.Build.0 = Release|Any CPU
		{4805E5D7-A321-41F3-9547-CAF69D688CFB}.Release|X64+X86.ActiveCfg = Release|Any CPU
		{4805E5D7-A321-41F3-9547-CAF69D688CFB}.Release|X64+X86.Build.0 = Release|Any CPU
		{4805E5D7-A321-41F3-9547-CAF69D688CFB}.Release-ModLoaderOnly|Any CPU.ActiveCfg = Release|Any CPU
		{4805E5D7-A321-41F3-9547-CAF69D688CFB}.Release-ModLoaderOnly|Any CPU.Build.0 = Release|Any CPU
		{4805E5D7-A321-41F3-9547-CAF69D688CFB}.Release-ModLoaderOnly|X64+X86.ActiveCfg = Release|Any CPU
		{7748E7BC-52F8-49FB-A270-877F16F24680}.Debug|Any CPU.ActiveCfg = Debug|Any CPU
		{7748E7BC-52F8-49FB-A270-877F16F24680}.Debug|Any CPU.Build.0 = Debug|Any CPU
		{7748E7BC-52F8-49FB-A270-877F16F24680}.Debug|X64+X86.ActiveCfg = Debug|Any CPU
		{7748E7BC-52F8-49FB-A270-877F16F24680}.Debug|X64+X86.Build.0 = Debug|Any CPU
		{7748E7BC-52F8-49FB-A270-877F16F24680}.Debug-ModLoaderOnly|Any CPU.ActiveCfg = Debug|Any CPU
		{7748E7BC-52F8-49FB-A270-877F16F24680}.Debug-ModLoaderOnly|Any CPU.Build.0 = Debug|Any CPU
		{7748E7BC-52F8-49FB-A270-877F16F24680}.Debug-ModLoaderOnly|X64+X86.ActiveCfg = Debug|Any CPU
		{7748E7BC-52F8-49FB-A270-877F16F24680}.Debug-ModLoaderOnly|X64+X86.Build.0 = Debug|Any CPU
		{7748E7BC-52F8-49FB-A270-877F16F24680}.Release|Any CPU.ActiveCfg = Release|Any CPU
		{7748E7BC-52F8-49FB-A270-877F16F24680}.Release|Any CPU.Build.0 = Release|Any CPU
		{7748E7BC-52F8-49FB-A270-877F16F24680}.Release|X64+X86.ActiveCfg = Release|Any CPU
		{7748E7BC-52F8-49FB-A270-877F16F24680}.Release|X64+X86.Build.0 = Release|Any CPU
		{7748E7BC-52F8-49FB-A270-877F16F24680}.Release-ModLoaderOnly|Any CPU.ActiveCfg = Release|Any CPU
		{7748E7BC-52F8-49FB-A270-877F16F24680}.Release-ModLoaderOnly|Any CPU.Build.0 = Release|Any CPU
		{7748E7BC-52F8-49FB-A270-877F16F24680}.Release-ModLoaderOnly|X64+X86.ActiveCfg = Release|Any CPU
		{7748E7BC-52F8-49FB-A270-877F16F24680}.Release-ModLoaderOnly|X64+X86.Build.0 = Release|Any CPU
		{16DFA8F7-496D-4FF9-9A6E-032F7FD97B36}.Debug|Any CPU.ActiveCfg = Debug|Any CPU
		{16DFA8F7-496D-4FF9-9A6E-032F7FD97B36}.Debug|Any CPU.Build.0 = Debug|Any CPU
		{16DFA8F7-496D-4FF9-9A6E-032F7FD97B36}.Debug|X64+X86.ActiveCfg = Debug|Any CPU
		{16DFA8F7-496D-4FF9-9A6E-032F7FD97B36}.Debug|X64+X86.Build.0 = Debug|Any CPU
		{16DFA8F7-496D-4FF9-9A6E-032F7FD97B36}.Debug-ModLoaderOnly|Any CPU.ActiveCfg = Debug|Any CPU
		{16DFA8F7-496D-4FF9-9A6E-032F7FD97B36}.Debug-ModLoaderOnly|Any CPU.Build.0 = Debug|Any CPU
		{16DFA8F7-496D-4FF9-9A6E-032F7FD97B36}.Debug-ModLoaderOnly|X64+X86.ActiveCfg = Debug|Any CPU
		{16DFA8F7-496D-4FF9-9A6E-032F7FD97B36}.Release|Any CPU.ActiveCfg = Release|Any CPU
		{16DFA8F7-496D-4FF9-9A6E-032F7FD97B36}.Release|Any CPU.Build.0 = Release|Any CPU
		{16DFA8F7-496D-4FF9-9A6E-032F7FD97B36}.Release|X64+X86.ActiveCfg = Release|Any CPU
		{16DFA8F7-496D-4FF9-9A6E-032F7FD97B36}.Release|X64+X86.Build.0 = Release|Any CPU
		{16DFA8F7-496D-4FF9-9A6E-032F7FD97B36}.Release-ModLoaderOnly|Any CPU.ActiveCfg = Release|Any CPU
		{16DFA8F7-496D-4FF9-9A6E-032F7FD97B36}.Release-ModLoaderOnly|Any CPU.Build.0 = Release|Any CPU
		{16DFA8F7-496D-4FF9-9A6E-032F7FD97B36}.Release-ModLoaderOnly|X64+X86.ActiveCfg = Release|Any CPU
		{4D10ED29-B435-4B9C-A75B-A8961F6D3B31}.Debug|Any CPU.ActiveCfg = Debug|Any CPU
		{4D10ED29-B435-4B9C-A75B-A8961F6D3B31}.Debug|Any CPU.Build.0 = Debug|Any CPU
		{4D10ED29-B435-4B9C-A75B-A8961F6D3B31}.Debug|X64+X86.ActiveCfg = Debug|Any CPU
		{4D10ED29-B435-4B9C-A75B-A8961F6D3B31}.Debug|X64+X86.Build.0 = Debug|Any CPU
		{4D10ED29-B435-4B9C-A75B-A8961F6D3B31}.Debug-ModLoaderOnly|Any CPU.ActiveCfg = Debug|Any CPU
		{4D10ED29-B435-4B9C-A75B-A8961F6D3B31}.Debug-ModLoaderOnly|Any CPU.Build.0 = Debug|Any CPU
		{4D10ED29-B435-4B9C-A75B-A8961F6D3B31}.Debug-ModLoaderOnly|X64+X86.ActiveCfg = Debug|Any CPU
		{4D10ED29-B435-4B9C-A75B-A8961F6D3B31}.Debug-ModLoaderOnly|X64+X86.Build.0 = Debug|Any CPU
		{4D10ED29-B435-4B9C-A75B-A8961F6D3B31}.Release|Any CPU.ActiveCfg = Release|Any CPU
		{4D10ED29-B435-4B9C-A75B-A8961F6D3B31}.Release|Any CPU.Build.0 = Release|Any CPU
		{4D10ED29-B435-4B9C-A75B-A8961F6D3B31}.Release|X64+X86.ActiveCfg = Release|Any CPU
		{4D10ED29-B435-4B9C-A75B-A8961F6D3B31}.Release|X64+X86.Build.0 = Release|Any CPU
		{4D10ED29-B435-4B9C-A75B-A8961F6D3B31}.Release-ModLoaderOnly|Any CPU.ActiveCfg = Release|Any CPU
		{4D10ED29-B435-4B9C-A75B-A8961F6D3B31}.Release-ModLoaderOnly|Any CPU.Build.0 = Release|Any CPU
		{4D10ED29-B435-4B9C-A75B-A8961F6D3B31}.Release-ModLoaderOnly|X64+X86.ActiveCfg = Release|Any CPU
		{4D10ED29-B435-4B9C-A75B-A8961F6D3B31}.Release-ModLoaderOnly|X64+X86.Build.0 = Release|Any CPU
		{4C458EA1-044F-43B5-8DC2-EF5AE2D7F45F}.Debug|Any CPU.ActiveCfg = Debug|Any CPU
		{4C458EA1-044F-43B5-8DC2-EF5AE2D7F45F}.Debug|Any CPU.Build.0 = Debug|Any CPU
		{4C458EA1-044F-43B5-8DC2-EF5AE2D7F45F}.Debug|X64+X86.ActiveCfg = Debug|Any CPU
		{4C458EA1-044F-43B5-8DC2-EF5AE2D7F45F}.Debug|X64+X86.Build.0 = Debug|Any CPU
		{4C458EA1-044F-43B5-8DC2-EF5AE2D7F45F}.Debug-ModLoaderOnly|Any CPU.ActiveCfg = Debug|Any CPU
		{4C458EA1-044F-43B5-8DC2-EF5AE2D7F45F}.Debug-ModLoaderOnly|Any CPU.Build.0 = Debug|Any CPU
		{4C458EA1-044F-43B5-8DC2-EF5AE2D7F45F}.Debug-ModLoaderOnly|X64+X86.ActiveCfg = Debug|Any CPU
		{4C458EA1-044F-43B5-8DC2-EF5AE2D7F45F}.Release|Any CPU.ActiveCfg = Release|Any CPU
		{4C458EA1-044F-43B5-8DC2-EF5AE2D7F45F}.Release|Any CPU.Build.0 = Release|Any CPU
		{4C458EA1-044F-43B5-8DC2-EF5AE2D7F45F}.Release|X64+X86.ActiveCfg = Release|Any CPU
		{4C458EA1-044F-43B5-8DC2-EF5AE2D7F45F}.Release|X64+X86.Build.0 = Release|Any CPU
		{4C458EA1-044F-43B5-8DC2-EF5AE2D7F45F}.Release-ModLoaderOnly|Any CPU.ActiveCfg = Release|Any CPU
		{4C458EA1-044F-43B5-8DC2-EF5AE2D7F45F}.Release-ModLoaderOnly|Any CPU.Build.0 = Release|Any CPU
		{4C458EA1-044F-43B5-8DC2-EF5AE2D7F45F}.Release-ModLoaderOnly|X64+X86.ActiveCfg = Release|Any CPU
		{3F44741D-8D33-4F71-94F6-EBF9B7399FB1}.Debug|Any CPU.ActiveCfg = Debug|Any CPU
		{3F44741D-8D33-4F71-94F6-EBF9B7399FB1}.Debug|Any CPU.Build.0 = Debug|Any CPU
		{3F44741D-8D33-4F71-94F6-EBF9B7399FB1}.Debug|X64+X86.ActiveCfg = Debug|Any CPU
		{3F44741D-8D33-4F71-94F6-EBF9B7399FB1}.Debug|X64+X86.Build.0 = Debug|Any CPU
		{3F44741D-8D33-4F71-94F6-EBF9B7399FB1}.Debug-ModLoaderOnly|Any CPU.ActiveCfg = Debug|Any CPU
		{3F44741D-8D33-4F71-94F6-EBF9B7399FB1}.Debug-ModLoaderOnly|Any CPU.Build.0 = Debug|Any CPU
		{3F44741D-8D33-4F71-94F6-EBF9B7399FB1}.Debug-ModLoaderOnly|X64+X86.ActiveCfg = Debug|Any CPU
		{3F44741D-8D33-4F71-94F6-EBF9B7399FB1}.Debug-ModLoaderOnly|X64+X86.Build.0 = Debug|Any CPU
		{3F44741D-8D33-4F71-94F6-EBF9B7399FB1}.Release|Any CPU.ActiveCfg = Release|Any CPU
		{3F44741D-8D33-4F71-94F6-EBF9B7399FB1}.Release|Any CPU.Build.0 = Release|Any CPU
		{3F44741D-8D33-4F71-94F6-EBF9B7399FB1}.Release|X64+X86.ActiveCfg = Release|Any CPU
		{3F44741D-8D33-4F71-94F6-EBF9B7399FB1}.Release|X64+X86.Build.0 = Release|Any CPU
		{3F44741D-8D33-4F71-94F6-EBF9B7399FB1}.Release-ModLoaderOnly|Any CPU.ActiveCfg = Release|Any CPU
		{3F44741D-8D33-4F71-94F6-EBF9B7399FB1}.Release-ModLoaderOnly|Any CPU.Build.0 = Release|Any CPU
		{3F44741D-8D33-4F71-94F6-EBF9B7399FB1}.Release-ModLoaderOnly|X64+X86.ActiveCfg = Release|Any CPU
		{3F44741D-8D33-4F71-94F6-EBF9B7399FB1}.Release-ModLoaderOnly|X64+X86.Build.0 = Release|Any CPU
		{C529F382-25A3-4C1F-A877-0ED4E53EFF20}.Debug|Any CPU.ActiveCfg = Debug|Any CPU
		{C529F382-25A3-4C1F-A877-0ED4E53EFF20}.Debug|Any CPU.Build.0 = Debug|Any CPU
		{C529F382-25A3-4C1F-A877-0ED4E53EFF20}.Debug|X64+X86.ActiveCfg = Debug|Any CPU
		{C529F382-25A3-4C1F-A877-0ED4E53EFF20}.Debug|X64+X86.Build.0 = Debug|Any CPU
		{C529F382-25A3-4C1F-A877-0ED4E53EFF20}.Debug-ModLoaderOnly|Any CPU.ActiveCfg = Debug|Any CPU
		{C529F382-25A3-4C1F-A877-0ED4E53EFF20}.Debug-ModLoaderOnly|Any CPU.Build.0 = Debug|Any CPU
		{C529F382-25A3-4C1F-A877-0ED4E53EFF20}.Debug-ModLoaderOnly|X64+X86.ActiveCfg = Debug|Any CPU
		{C529F382-25A3-4C1F-A877-0ED4E53EFF20}.Release|Any CPU.ActiveCfg = Release|Any CPU
		{C529F382-25A3-4C1F-A877-0ED4E53EFF20}.Release|Any CPU.Build.0 = Release|Any CPU
		{C529F382-25A3-4C1F-A877-0ED4E53EFF20}.Release|X64+X86.ActiveCfg = Release|Any CPU
		{C529F382-25A3-4C1F-A877-0ED4E53EFF20}.Release|X64+X86.Build.0 = Release|Any CPU
		{C529F382-25A3-4C1F-A877-0ED4E53EFF20}.Release-ModLoaderOnly|Any CPU.ActiveCfg = Release|Any CPU
		{C529F382-25A3-4C1F-A877-0ED4E53EFF20}.Release-ModLoaderOnly|Any CPU.Build.0 = Release|Any CPU
		{C529F382-25A3-4C1F-A877-0ED4E53EFF20}.Release-ModLoaderOnly|X64+X86.ActiveCfg = Release|Any CPU
		{16976E7C-4826-40E5-9E17-2C4266394FD5}.Debug|Any CPU.ActiveCfg = Debug|Any CPU
		{16976E7C-4826-40E5-9E17-2C4266394FD5}.Debug|Any CPU.Build.0 = Debug|Any CPU
		{16976E7C-4826-40E5-9E17-2C4266394FD5}.Debug|X64+X86.ActiveCfg = Debug|Any CPU
		{16976E7C-4826-40E5-9E17-2C4266394FD5}.Debug|X64+X86.Build.0 = Debug|Any CPU
		{16976E7C-4826-40E5-9E17-2C4266394FD5}.Debug-ModLoaderOnly|Any CPU.ActiveCfg = Debug|Any CPU
		{16976E7C-4826-40E5-9E17-2C4266394FD5}.Debug-ModLoaderOnly|Any CPU.Build.0 = Debug|Any CPU
		{16976E7C-4826-40E5-9E17-2C4266394FD5}.Debug-ModLoaderOnly|X64+X86.ActiveCfg = Debug|Any CPU
		{16976E7C-4826-40E5-9E17-2C4266394FD5}.Release|Any CPU.ActiveCfg = Release|Any CPU
		{16976E7C-4826-40E5-9E17-2C4266394FD5}.Release|Any CPU.Build.0 = Release|Any CPU
		{16976E7C-4826-40E5-9E17-2C4266394FD5}.Release|X64+X86.ActiveCfg = Release|Any CPU
		{16976E7C-4826-40E5-9E17-2C4266394FD5}.Release|X64+X86.Build.0 = Release|Any CPU
		{16976E7C-4826-40E5-9E17-2C4266394FD5}.Release-ModLoaderOnly|Any CPU.ActiveCfg = Release|Any CPU
		{16976E7C-4826-40E5-9E17-2C4266394FD5}.Release-ModLoaderOnly|Any CPU.Build.0 = Release|Any CPU
		{16976E7C-4826-40E5-9E17-2C4266394FD5}.Release-ModLoaderOnly|X64+X86.ActiveCfg = Release|Any CPU
		{4914B6D0-C38B-4633-BA1F-4CF8143FE7F7}.Debug|Any CPU.ActiveCfg = Debug|Any CPU
		{4914B6D0-C38B-4633-BA1F-4CF8143FE7F7}.Debug|Any CPU.Build.0 = Debug|Any CPU
		{4914B6D0-C38B-4633-BA1F-4CF8143FE7F7}.Debug|X64+X86.ActiveCfg = Debug|Any CPU
		{4914B6D0-C38B-4633-BA1F-4CF8143FE7F7}.Debug|X64+X86.Build.0 = Debug|Any CPU
		{4914B6D0-C38B-4633-BA1F-4CF8143FE7F7}.Debug-ModLoaderOnly|Any CPU.ActiveCfg = Debug|Any CPU
		{4914B6D0-C38B-4633-BA1F-4CF8143FE7F7}.Debug-ModLoaderOnly|Any CPU.Build.0 = Debug|Any CPU
		{4914B6D0-C38B-4633-BA1F-4CF8143FE7F7}.Debug-ModLoaderOnly|X64+X86.ActiveCfg = Debug|Any CPU
		{4914B6D0-C38B-4633-BA1F-4CF8143FE7F7}.Release|Any CPU.ActiveCfg = Release|Any CPU
		{4914B6D0-C38B-4633-BA1F-4CF8143FE7F7}.Release|Any CPU.Build.0 = Release|Any CPU
		{4914B6D0-C38B-4633-BA1F-4CF8143FE7F7}.Release|X64+X86.ActiveCfg = Release|Any CPU
		{4914B6D0-C38B-4633-BA1F-4CF8143FE7F7}.Release|X64+X86.Build.0 = Release|Any CPU
		{4914B6D0-C38B-4633-BA1F-4CF8143FE7F7}.Release-ModLoaderOnly|Any CPU.ActiveCfg = Release|Any CPU
		{4914B6D0-C38B-4633-BA1F-4CF8143FE7F7}.Release-ModLoaderOnly|Any CPU.Build.0 = Release|Any CPU
		{4914B6D0-C38B-4633-BA1F-4CF8143FE7F7}.Release-ModLoaderOnly|X64+X86.ActiveCfg = Release|Any CPU
		{229E092C-5309-4077-9A09-70A5ADA3816D}.Debug|Any CPU.ActiveCfg = Debug|Any CPU
		{229E092C-5309-4077-9A09-70A5ADA3816D}.Debug|Any CPU.Build.0 = Debug|Any CPU
		{229E092C-5309-4077-9A09-70A5ADA3816D}.Debug|X64+X86.ActiveCfg = Debug|Any CPU
		{229E092C-5309-4077-9A09-70A5ADA3816D}.Debug|X64+X86.Build.0 = Debug|Any CPU
		{229E092C-5309-4077-9A09-70A5ADA3816D}.Debug-ModLoaderOnly|Any CPU.ActiveCfg = Debug|Any CPU
		{229E092C-5309-4077-9A09-70A5ADA3816D}.Debug-ModLoaderOnly|Any CPU.Build.0 = Debug|Any CPU
		{229E092C-5309-4077-9A09-70A5ADA3816D}.Debug-ModLoaderOnly|X64+X86.ActiveCfg = Debug|Any CPU
		{229E092C-5309-4077-9A09-70A5ADA3816D}.Release|Any CPU.ActiveCfg = Release|Any CPU
		{229E092C-5309-4077-9A09-70A5ADA3816D}.Release|Any CPU.Build.0 = Release|Any CPU
		{229E092C-5309-4077-9A09-70A5ADA3816D}.Release|X64+X86.ActiveCfg = Release|Any CPU
		{229E092C-5309-4077-9A09-70A5ADA3816D}.Release|X64+X86.Build.0 = Release|Any CPU
		{229E092C-5309-4077-9A09-70A5ADA3816D}.Release-ModLoaderOnly|Any CPU.ActiveCfg = Release|Any CPU
		{229E092C-5309-4077-9A09-70A5ADA3816D}.Release-ModLoaderOnly|Any CPU.Build.0 = Release|Any CPU
		{229E092C-5309-4077-9A09-70A5ADA3816D}.Release-ModLoaderOnly|X64+X86.ActiveCfg = Release|Any CPU
		{EFEE7C5A-A1E7-44E8-9640-B0194146501C}.Debug|Any CPU.ActiveCfg = Debug|Any CPU
		{EFEE7C5A-A1E7-44E8-9640-B0194146501C}.Debug|Any CPU.Build.0 = Debug|Any CPU
		{EFEE7C5A-A1E7-44E8-9640-B0194146501C}.Debug|X64+X86.ActiveCfg = Debug|Any CPU
		{EFEE7C5A-A1E7-44E8-9640-B0194146501C}.Debug|X64+X86.Build.0 = Debug|Any CPU
		{EFEE7C5A-A1E7-44E8-9640-B0194146501C}.Debug-ModLoaderOnly|Any CPU.ActiveCfg = Debug|Any CPU
		{EFEE7C5A-A1E7-44E8-9640-B0194146501C}.Debug-ModLoaderOnly|Any CPU.Build.0 = Debug|Any CPU
		{EFEE7C5A-A1E7-44E8-9640-B0194146501C}.Debug-ModLoaderOnly|X64+X86.ActiveCfg = Debug|Any CPU
		{EFEE7C5A-A1E7-44E8-9640-B0194146501C}.Release|Any CPU.ActiveCfg = Release|Any CPU
		{EFEE7C5A-A1E7-44E8-9640-B0194146501C}.Release|Any CPU.Build.0 = Release|Any CPU
		{EFEE7C5A-A1E7-44E8-9640-B0194146501C}.Release|X64+X86.ActiveCfg = Release|Any CPU
		{EFEE7C5A-A1E7-44E8-9640-B0194146501C}.Release|X64+X86.Build.0 = Release|Any CPU
		{EFEE7C5A-A1E7-44E8-9640-B0194146501C}.Release-ModLoaderOnly|Any CPU.ActiveCfg = Release|Any CPU
		{EFEE7C5A-A1E7-44E8-9640-B0194146501C}.Release-ModLoaderOnly|Any CPU.Build.0 = Release|Any CPU
		{EFEE7C5A-A1E7-44E8-9640-B0194146501C}.Release-ModLoaderOnly|X64+X86.ActiveCfg = Release|Any CPU
		{2A15B427-2008-40C4-9D45-A536AC67D433}.Debug|Any CPU.ActiveCfg = Debug|Any CPU
		{2A15B427-2008-40C4-9D45-A536AC67D433}.Debug|Any CPU.Build.0 = Debug|Any CPU
		{2A15B427-2008-40C4-9D45-A536AC67D433}.Debug|X64+X86.ActiveCfg = Debug|Any CPU
		{2A15B427-2008-40C4-9D45-A536AC67D433}.Debug|X64+X86.Build.0 = Debug|Any CPU
		{2A15B427-2008-40C4-9D45-A536AC67D433}.Debug-ModLoaderOnly|Any CPU.ActiveCfg = Debug|Any CPU
		{2A15B427-2008-40C4-9D45-A536AC67D433}.Debug-ModLoaderOnly|Any CPU.Build.0 = Debug|Any CPU
		{2A15B427-2008-40C4-9D45-A536AC67D433}.Debug-ModLoaderOnly|X64+X86.ActiveCfg = Debug|Any CPU
		{2A15B427-2008-40C4-9D45-A536AC67D433}.Debug-ModLoaderOnly|X64+X86.Build.0 = Debug|Any CPU
		{2A15B427-2008-40C4-9D45-A536AC67D433}.Release|Any CPU.ActiveCfg = Release|Any CPU
		{2A15B427-2008-40C4-9D45-A536AC67D433}.Release|Any CPU.Build.0 = Release|Any CPU
		{2A15B427-2008-40C4-9D45-A536AC67D433}.Release|X64+X86.ActiveCfg = Release|Any CPU
		{2A15B427-2008-40C4-9D45-A536AC67D433}.Release|X64+X86.Build.0 = Release|Any CPU
		{2A15B427-2008-40C4-9D45-A536AC67D433}.Release-ModLoaderOnly|Any CPU.ActiveCfg = Release|Any CPU
		{2A15B427-2008-40C4-9D45-A536AC67D433}.Release-ModLoaderOnly|Any CPU.Build.0 = Release|Any CPU
		{2A15B427-2008-40C4-9D45-A536AC67D433}.Release-ModLoaderOnly|X64+X86.ActiveCfg = Release|Any CPU
		{2A15B427-2008-40C4-9D45-A536AC67D433}.Release-ModLoaderOnly|X64+X86.Build.0 = Release|Any CPU
		{17147B47-9D02-4D39-8B6A-D3C9514333C9}.Debug|Any CPU.ActiveCfg = Debug|Any CPU
		{17147B47-9D02-4D39-8B6A-D3C9514333C9}.Debug|Any CPU.Build.0 = Debug|Any CPU
		{17147B47-9D02-4D39-8B6A-D3C9514333C9}.Debug|X64+X86.ActiveCfg = Debug|Any CPU
		{17147B47-9D02-4D39-8B6A-D3C9514333C9}.Debug|X64+X86.Build.0 = Debug|Any CPU
		{17147B47-9D02-4D39-8B6A-D3C9514333C9}.Debug-ModLoaderOnly|Any CPU.ActiveCfg = Debug|Any CPU
		{17147B47-9D02-4D39-8B6A-D3C9514333C9}.Debug-ModLoaderOnly|Any CPU.Build.0 = Debug|Any CPU
		{17147B47-9D02-4D39-8B6A-D3C9514333C9}.Debug-ModLoaderOnly|X64+X86.ActiveCfg = Debug|Any CPU
		{17147B47-9D02-4D39-8B6A-D3C9514333C9}.Debug-ModLoaderOnly|X64+X86.Build.0 = Debug|Any CPU
		{17147B47-9D02-4D39-8B6A-D3C9514333C9}.Release|Any CPU.ActiveCfg = Release|Any CPU
		{17147B47-9D02-4D39-8B6A-D3C9514333C9}.Release|Any CPU.Build.0 = Release|Any CPU
		{17147B47-9D02-4D39-8B6A-D3C9514333C9}.Release|X64+X86.ActiveCfg = Release|Any CPU
		{17147B47-9D02-4D39-8B6A-D3C9514333C9}.Release|X64+X86.Build.0 = Release|Any CPU
		{17147B47-9D02-4D39-8B6A-D3C9514333C9}.Release-ModLoaderOnly|Any CPU.ActiveCfg = Release|Any CPU
		{17147B47-9D02-4D39-8B6A-D3C9514333C9}.Release-ModLoaderOnly|Any CPU.Build.0 = Release|Any CPU
		{17147B47-9D02-4D39-8B6A-D3C9514333C9}.Release-ModLoaderOnly|X64+X86.ActiveCfg = Release|Any CPU
		{17147B47-9D02-4D39-8B6A-D3C9514333C9}.Release-ModLoaderOnly|X64+X86.Build.0 = Release|Any CPU
	EndGlobalSection
	GlobalSection(SolutionProperties) = preSolution
		HideSolutionNode = FALSE
	EndGlobalSection
	GlobalSection(NestedProjects) = preSolution
		{A4CECC87-3188-4D37-A64B-D15F5B001A9D} = {C958AA4D-5985-4F2E-8209-9B6187FF3D85}
		{EC67FAEC-7D88-434D-A58D-6A8419929E25} = {A4CECC87-3188-4D37-A64B-D15F5B001A9D}
		{7B523726-D5B6-4221-A2C4-3C6AC5E1F920} = {A4CECC87-3188-4D37-A64B-D15F5B001A9D}
		{5273C2CC-15B1-4BDC-B8AF-D79AB844D6A3} = {A4CECC87-3188-4D37-A64B-D15F5B001A9D}
		{C8E8D9FF-B579-4B1C-B3F9-F216125B80B8} = {C958AA4D-5985-4F2E-8209-9B6187FF3D85}
		{CF221377-F05C-4710-BDE0-63474A7F0B30} = {C8E8D9FF-B579-4B1C-B3F9-F216125B80B8}
		{D0363CCD-17A6-4700-8C94-D4E3327C6A07} = {C958AA4D-5985-4F2E-8209-9B6187FF3D85}
		{E036F18E-312A-4C78-A8E9-5E37E5EBA9B9} = {A4CECC87-3188-4D37-A64B-D15F5B001A9D}
		{0C911851-C2F3-4E84-BF0D-413DAD7887A7} = {A4CECC87-3188-4D37-A64B-D15F5B001A9D}
		{4805E5D7-A321-41F3-9547-CAF69D688CFB} = {E74AA64B-677C-4C35-8599-03B59982FDFC}
		{4C458EA1-044F-43B5-8DC2-EF5AE2D7F45F} = {E74AA64B-677C-4C35-8599-03B59982FDFC}
		{16976E7C-4826-40E5-9E17-2C4266394FD5} = {E74AA64B-677C-4C35-8599-03B59982FDFC}
		{4914B6D0-C38B-4633-BA1F-4CF8143FE7F7} = {5E60B8D6-820D-4CD6-A0FE-DC2DA574499F}
		{D61BEC35-E70A-4C4D-B398-7D3E1A29D03B} = {5E60B8D6-820D-4CD6-A0FE-DC2DA574499F}
		{229E092C-5309-4077-9A09-70A5ADA3816D} = {D61BEC35-E70A-4C4D-B398-7D3E1A29D03B}
		{EFEE7C5A-A1E7-44E8-9640-B0194146501C} = {197F0BD0-0209-48C4-BB46-B853A4BFA132}
		{2A15B427-2008-40C4-9D45-A536AC67D433} = {E74AA64B-677C-4C35-8599-03B59982FDFC}
		{17147B47-9D02-4D39-8B6A-D3C9514333C9} = {A4CECC87-3188-4D37-A64B-D15F5B001A9D}
	EndGlobalSection
	GlobalSection(ExtensibilityGlobals) = postSolution
		SolutionGuid = {29C01A02-5EA4-442B-92BD-67EC119B4356}
	EndGlobalSection
	GlobalSection(SharedMSBuildProjectFiles) = preSolution
		Reloaded.Mod.Loader.IPC\Reloaded.Mod.Loader.IPC.projitems*{1050bfd3-eda7-4aa1-bff8-dd9db0c8ee79}*SharedItemsImports = 13
		Reloaded.Mod.Shared\Reloaded.Mod.Shared.projitems*{4d10ed29-b435-4b9c-a75b-a8961f6d3b31}*SharedItemsImports = 5
		Reloaded.Mod.Loader.IPC\Reloaded.Mod.Loader.IPC.projitems*{9d416472-b721-4df6-8218-63853a17d8f6}*SharedItemsImports = 5
		Reloaded.Mod.Loader.IPC\Reloaded.Mod.Loader.IPC.projitems*{cf3e2dc7-04f8-4878-97f4-1bcf950ac97d}*SharedItemsImports = 5
		Reloaded.Mod.Shared\Reloaded.Mod.Shared.projitems*{cf3e2dc7-04f8-4878-97f4-1bcf950ac97d}*SharedItemsImports = 5
		Reloaded.Mod.Shared\Reloaded.Mod.Shared.projitems*{d322e71a-f32e-42e9-8340-c747d3d9028c}*SharedItemsImports = 13
	EndGlobalSection
EndGlobal
