
Microsoft Visual Studio Solution File, Format Version 12.00
# Visual Studio Version 16
VisualStudioVersion = 16.0.28822.285
MinimumVisualStudioVersion = 10.0.40219.1
Project("{9A19103F-16F7-4668-BE54-9A1E7A4F7556}") = "Reloaded.Mod.Launcher", "Reloaded.Mod.Launcher\Reloaded.Mod.Launcher.csproj", "{159EF9A3-1B08-45F8-97CA-8DD72BC91936}"
	ProjectSection(ProjectDependencies) = postProject
		{CF3E2DC7-04F8-4878-97F4-1BCF950AC97D} = {CF3E2DC7-04F8-4878-97F4-1BCF950AC97D}
	EndProjectSection
EndProject
Project("{2150E333-8FDC-42A3-9474-1A3956D46DE8}") = "Submodules", "Submodules", "{3ACEF67A-59F3-445F-BBDF-8960B11D6557}"
EndProject
Project("{9A19103F-16F7-4668-BE54-9A1E7A4F7556}") = "Reloaded.Mod.Interfaces", "Reloaded.Mod.Interfaces\Reloaded.Mod.Interfaces.csproj", "{23A7DB81-C58A-49EE-9AE0-A6C1E1064A6A}"
EndProject
Project("{9A19103F-16F7-4668-BE54-9A1E7A4F7556}") = "Reloaded.Mod.Loader", "Reloaded.Mod.Loader\Reloaded.Mod.Loader.csproj", "{CF3E2DC7-04F8-4878-97F4-1BCF950AC97D}"
	ProjectSection(ProjectDependencies) = postProject
		{56DFC45C-49FB-4409-823E-EE54637F58A1} = {56DFC45C-49FB-4409-823E-EE54637F58A1}
	EndProjectSection
EndProject
Project("{9A19103F-16F7-4668-BE54-9A1E7A4F7556}") = "Reloaded.Mod.Loader.Tests", "Reloaded.Mod.Loader.Tests\Reloaded.Mod.Loader.Tests.csproj", "{305129E2-ED0F-45A5-BEBB-72202B002AF1}"
EndProject
Project("{9A19103F-16F7-4668-BE54-9A1E7A4F7556}") = "Reloaded.Mod.Loader.IO", "Reloaded.Mod.Loader.IO\Reloaded.Mod.Loader.IO.csproj", "{82170607-827D-4F66-B01B-73B4CA47B473}"
EndProject
Project("{8BC9CEB8-8B4A-11D0-8D11-00A0C91BC942}") = "Reloaded.Mod.Loader.Bootstrapper", "Reloaded.Mod.Loader.Bootstrapper\Reloaded.Mod.Bootstrapper.vcxproj", "{56DFC45C-49FB-4409-823E-EE54637F58A1}"
EndProject
Project("{9A19103F-16F7-4668-BE54-9A1E7A4F7556}") = "Reloaded.Mod.Loader.Server", "Reloaded.Mod.Loader.Server\Reloaded.Mod.Loader.Server.csproj", "{9D416472-B721-4DF6-8218-63853A17D8F6}"
EndProject
Project("{2150E333-8FDC-42A3-9474-1A3956D46DE8}") = "Testing", "Testing", "{C958AA4D-5985-4F2E-8209-9B6187FF3D85}"
EndProject
Project("{2150E333-8FDC-42A3-9474-1A3956D46DE8}") = "Mods", "Mods", "{A4CECC87-3188-4D37-A64B-D15F5B001A9D}"
EndProject
Project("{9A19103F-16F7-4668-BE54-9A1E7A4F7556}") = "TestModA", "Testing\Mods\TestModA\TestModA.csproj", "{EC67FAEC-7D88-434D-A58D-6A8419929E25}"
EndProject
Project("{9A19103F-16F7-4668-BE54-9A1E7A4F7556}") = "TestModB", "Testing\Mods\TestModB\TestModB.csproj", "{7B523726-D5B6-4221-A2C4-3C6AC5E1F920}"
EndProject
Project("{9A19103F-16F7-4668-BE54-9A1E7A4F7556}") = "TestModC", "Testing\Mods\TestModC\TestModC.csproj", "{5273C2CC-15B1-4BDC-B8AF-D79AB844D6A3}"
EndProject
Project("{2150E333-8FDC-42A3-9474-1A3956D46DE8}") = "Apps", "Apps", "{C8E8D9FF-B579-4B1C-B3F9-F216125B80B8}"
EndProject
Project("{9A19103F-16F7-4668-BE54-9A1E7A4F7556}") = "TestAppA", "Testing\Apps\TestAppA\TestAppA.csproj", "{CF221377-F05C-4710-BDE0-63474A7F0B30}"
EndProject
Project("{9A19103F-16F7-4668-BE54-9A1E7A4F7556}") = "TestInterfaces", "Testing\Other\TestInterfaces\TestInterfaces.csproj", "{D0363CCD-17A6-4700-8C94-D4E3327C6A07}"
EndProject
Project("{9A19103F-16F7-4668-BE54-9A1E7A4F7556}") = "Reloaded.Mod.Shared", "Reloaded.Mod.Shared\Reloaded.Mod.Shared.csproj", "{85C2C4F7-AFC2-4745-A6E4-804B81EAE262}"
EndProject
Project("{9A19103F-16F7-4668-BE54-9A1E7A4F7556}") = "McMaster.NETCore.Plugins", "..\Submodules\DotNetCorePlugins\src\Plugins\McMaster.NETCore.Plugins.csproj", "{5C8A14C5-70D2-4652-806D-224CF616B6BA}"
EndProject
Project("{FAE04EC0-301F-11D3-BF4B-00C04F79EFBC}") = "Reloaded.Mod.Launcher.Kernel32AddressDumper", "Reloaded.Mod.Launcher.Kernel32AddressDumper\Reloaded.Mod.Launcher.Kernel32AddressDumper.csproj", "{B0BFEE3E-4A56-4F9F-95A8-9229FC74D46E}"
EndProject
Project("{9A19103F-16F7-4668-BE54-9A1E7A4F7556}") = "TestModD", "Testing\Mods\TestModD\TestModD.csproj", "{E036F18E-312A-4C78-A8E9-5E37E5EBA9B9}"
EndProject
Project("{9A19103F-16F7-4668-BE54-9A1E7A4F7556}") = "TestModE", "Testing\Mods\TestModE\TestModE.csproj", "{0C911851-C2F3-4E84-BF0D-413DAD7887A7}"
EndProject
Project("{9A19103F-16F7-4668-BE54-9A1E7A4F7556}") = "Reloaded.Mod.Loader.Update", "Reloaded.Mod.Loader.Update\Reloaded.Mod.Loader.Update.csproj", "{C374EC95-D1AB-4C30-8BF1-5BAA23754716}"
EndProject
Global
	GlobalSection(SolutionConfigurationPlatforms) = preSolution
		Debug|AnyCPU = Debug|AnyCPU
		Debug|AnyCPU (X86-only) = Debug|AnyCPU (X86-only)
		Release|AnyCPU = Release|AnyCPU
		Release|AnyCPU (X86-only) = Release|AnyCPU (X86-only)
	EndGlobalSection
	GlobalSection(ProjectConfigurationPlatforms) = postSolution
		{159EF9A3-1B08-45F8-97CA-8DD72BC91936}.Debug|AnyCPU.ActiveCfg = Debug|Any CPU
		{159EF9A3-1B08-45F8-97CA-8DD72BC91936}.Debug|AnyCPU.Build.0 = Debug|Any CPU
		{159EF9A3-1B08-45F8-97CA-8DD72BC91936}.Debug|AnyCPU (X86-only).ActiveCfg = Debug|Any CPU
		{159EF9A3-1B08-45F8-97CA-8DD72BC91936}.Debug|AnyCPU (X86-only).Build.0 = Debug|Any CPU
		{159EF9A3-1B08-45F8-97CA-8DD72BC91936}.Release|AnyCPU.ActiveCfg = Release|Any CPU
		{159EF9A3-1B08-45F8-97CA-8DD72BC91936}.Release|AnyCPU.Build.0 = Release|Any CPU
		{159EF9A3-1B08-45F8-97CA-8DD72BC91936}.Release|AnyCPU (X86-only).ActiveCfg = Release|Any CPU
		{159EF9A3-1B08-45F8-97CA-8DD72BC91936}.Release|AnyCPU (X86-only).Build.0 = Release|Any CPU
		{23A7DB81-C58A-49EE-9AE0-A6C1E1064A6A}.Debug|AnyCPU.ActiveCfg = Debug|Any CPU
		{23A7DB81-C58A-49EE-9AE0-A6C1E1064A6A}.Debug|AnyCPU.Build.0 = Debug|Any CPU
		{23A7DB81-C58A-49EE-9AE0-A6C1E1064A6A}.Debug|AnyCPU (X86-only).ActiveCfg = Debug|Any CPU
		{23A7DB81-C58A-49EE-9AE0-A6C1E1064A6A}.Debug|AnyCPU (X86-only).Build.0 = Debug|Any CPU
		{23A7DB81-C58A-49EE-9AE0-A6C1E1064A6A}.Release|AnyCPU.ActiveCfg = Release|Any CPU
		{23A7DB81-C58A-49EE-9AE0-A6C1E1064A6A}.Release|AnyCPU.Build.0 = Release|Any CPU
		{23A7DB81-C58A-49EE-9AE0-A6C1E1064A6A}.Release|AnyCPU (X86-only).ActiveCfg = Release|Any CPU
		{23A7DB81-C58A-49EE-9AE0-A6C1E1064A6A}.Release|AnyCPU (X86-only).Build.0 = Release|Any CPU
		{CF3E2DC7-04F8-4878-97F4-1BCF950AC97D}.Debug|AnyCPU.ActiveCfg = Debug|Any CPU
		{CF3E2DC7-04F8-4878-97F4-1BCF950AC97D}.Debug|AnyCPU.Build.0 = Debug|Any CPU
		{CF3E2DC7-04F8-4878-97F4-1BCF950AC97D}.Debug|AnyCPU (X86-only).ActiveCfg = Debug|Any CPU
		{CF3E2DC7-04F8-4878-97F4-1BCF950AC97D}.Debug|AnyCPU (X86-only).Build.0 = Debug|Any CPU
		{CF3E2DC7-04F8-4878-97F4-1BCF950AC97D}.Release|AnyCPU.ActiveCfg = Release|Any CPU
		{CF3E2DC7-04F8-4878-97F4-1BCF950AC97D}.Release|AnyCPU.Build.0 = Release|Any CPU
		{CF3E2DC7-04F8-4878-97F4-1BCF950AC97D}.Release|AnyCPU (X86-only).ActiveCfg = Release|Any CPU
		{CF3E2DC7-04F8-4878-97F4-1BCF950AC97D}.Release|AnyCPU (X86-only).Build.0 = Release|Any CPU
		{305129E2-ED0F-45A5-BEBB-72202B002AF1}.Debug|AnyCPU.ActiveCfg = Debug|Any CPU
		{305129E2-ED0F-45A5-BEBB-72202B002AF1}.Debug|AnyCPU.Build.0 = Debug|Any CPU
		{305129E2-ED0F-45A5-BEBB-72202B002AF1}.Debug|AnyCPU (X86-only).ActiveCfg = Debug|Any CPU
		{305129E2-ED0F-45A5-BEBB-72202B002AF1}.Debug|AnyCPU (X86-only).Build.0 = Debug|Any CPU
		{305129E2-ED0F-45A5-BEBB-72202B002AF1}.Release|AnyCPU.ActiveCfg = Release|Any CPU
		{305129E2-ED0F-45A5-BEBB-72202B002AF1}.Release|AnyCPU.Build.0 = Release|Any CPU
		{305129E2-ED0F-45A5-BEBB-72202B002AF1}.Release|AnyCPU (X86-only).ActiveCfg = Release|Any CPU
		{305129E2-ED0F-45A5-BEBB-72202B002AF1}.Release|AnyCPU (X86-only).Build.0 = Release|Any CPU
		{82170607-827D-4F66-B01B-73B4CA47B473}.Debug|AnyCPU.ActiveCfg = Debug|Any CPU
		{82170607-827D-4F66-B01B-73B4CA47B473}.Debug|AnyCPU.Build.0 = Debug|Any CPU
		{82170607-827D-4F66-B01B-73B4CA47B473}.Debug|AnyCPU (X86-only).ActiveCfg = Debug|Any CPU
		{82170607-827D-4F66-B01B-73B4CA47B473}.Debug|AnyCPU (X86-only).Build.0 = Debug|Any CPU
		{82170607-827D-4F66-B01B-73B4CA47B473}.Release|AnyCPU.ActiveCfg = Release|Any CPU
		{82170607-827D-4F66-B01B-73B4CA47B473}.Release|AnyCPU.Build.0 = Release|Any CPU
		{82170607-827D-4F66-B01B-73B4CA47B473}.Release|AnyCPU (X86-only).ActiveCfg = Release|Any CPU
		{82170607-827D-4F66-B01B-73B4CA47B473}.Release|AnyCPU (X86-only).Build.0 = Release|Any CPU
		{56DFC45C-49FB-4409-823E-EE54637F58A1}.Debug|AnyCPU.ActiveCfg = Debug|x64
		{56DFC45C-49FB-4409-823E-EE54637F58A1}.Debug|AnyCPU.Build.0 = Debug|x64
		{56DFC45C-49FB-4409-823E-EE54637F58A1}.Debug|AnyCPU (X86-only).ActiveCfg = Debug|Win32
		{56DFC45C-49FB-4409-823E-EE54637F58A1}.Debug|AnyCPU (X86-only).Build.0 = Debug|Win32
		{56DFC45C-49FB-4409-823E-EE54637F58A1}.Release|AnyCPU.ActiveCfg = Release|x64
		{56DFC45C-49FB-4409-823E-EE54637F58A1}.Release|AnyCPU.Build.0 = Release|x64
		{56DFC45C-49FB-4409-823E-EE54637F58A1}.Release|AnyCPU (X86-only).ActiveCfg = Release|x64
		{56DFC45C-49FB-4409-823E-EE54637F58A1}.Release|AnyCPU (X86-only).Build.0 = Release|x64
		{9D416472-B721-4DF6-8218-63853A17D8F6}.Debug|AnyCPU.ActiveCfg = Debug|Any CPU
		{9D416472-B721-4DF6-8218-63853A17D8F6}.Debug|AnyCPU.Build.0 = Debug|Any CPU
		{9D416472-B721-4DF6-8218-63853A17D8F6}.Debug|AnyCPU (X86-only).ActiveCfg = Debug|Any CPU
		{9D416472-B721-4DF6-8218-63853A17D8F6}.Debug|AnyCPU (X86-only).Build.0 = Debug|Any CPU
		{9D416472-B721-4DF6-8218-63853A17D8F6}.Release|AnyCPU.ActiveCfg = Release|Any CPU
		{9D416472-B721-4DF6-8218-63853A17D8F6}.Release|AnyCPU.Build.0 = Release|Any CPU
		{9D416472-B721-4DF6-8218-63853A17D8F6}.Release|AnyCPU (X86-only).ActiveCfg = Release|Any CPU
		{9D416472-B721-4DF6-8218-63853A17D8F6}.Release|AnyCPU (X86-only).Build.0 = Release|Any CPU
		{EC67FAEC-7D88-434D-A58D-6A8419929E25}.Debug|AnyCPU.ActiveCfg = Debug|Any CPU
		{EC67FAEC-7D88-434D-A58D-6A8419929E25}.Debug|AnyCPU.Build.0 = Debug|Any CPU
		{EC67FAEC-7D88-434D-A58D-6A8419929E25}.Debug|AnyCPU (X86-only).ActiveCfg = Debug|Any CPU
		{EC67FAEC-7D88-434D-A58D-6A8419929E25}.Debug|AnyCPU (X86-only).Build.0 = Debug|Any CPU
		{EC67FAEC-7D88-434D-A58D-6A8419929E25}.Release|AnyCPU.ActiveCfg = Release|Any CPU
		{EC67FAEC-7D88-434D-A58D-6A8419929E25}.Release|AnyCPU.Build.0 = Release|Any CPU
		{EC67FAEC-7D88-434D-A58D-6A8419929E25}.Release|AnyCPU (X86-only).ActiveCfg = Release|Any CPU
		{EC67FAEC-7D88-434D-A58D-6A8419929E25}.Release|AnyCPU (X86-only).Build.0 = Release|Any CPU
		{7B523726-D5B6-4221-A2C4-3C6AC5E1F920}.Debug|AnyCPU.ActiveCfg = Debug|Any CPU
		{7B523726-D5B6-4221-A2C4-3C6AC5E1F920}.Debug|AnyCPU.Build.0 = Debug|Any CPU
		{7B523726-D5B6-4221-A2C4-3C6AC5E1F920}.Debug|AnyCPU (X86-only).ActiveCfg = Debug|Any CPU
		{7B523726-D5B6-4221-A2C4-3C6AC5E1F920}.Debug|AnyCPU (X86-only).Build.0 = Debug|Any CPU
		{7B523726-D5B6-4221-A2C4-3C6AC5E1F920}.Release|AnyCPU.ActiveCfg = Release|Any CPU
		{7B523726-D5B6-4221-A2C4-3C6AC5E1F920}.Release|AnyCPU.Build.0 = Release|Any CPU
		{7B523726-D5B6-4221-A2C4-3C6AC5E1F920}.Release|AnyCPU (X86-only).ActiveCfg = Release|Any CPU
		{7B523726-D5B6-4221-A2C4-3C6AC5E1F920}.Release|AnyCPU (X86-only).Build.0 = Release|Any CPU
		{5273C2CC-15B1-4BDC-B8AF-D79AB844D6A3}.Debug|AnyCPU.ActiveCfg = Debug|Any CPU
		{5273C2CC-15B1-4BDC-B8AF-D79AB844D6A3}.Debug|AnyCPU.Build.0 = Debug|Any CPU
		{5273C2CC-15B1-4BDC-B8AF-D79AB844D6A3}.Debug|AnyCPU (X86-only).ActiveCfg = Debug|Any CPU
		{5273C2CC-15B1-4BDC-B8AF-D79AB844D6A3}.Debug|AnyCPU (X86-only).Build.0 = Debug|Any CPU
		{5273C2CC-15B1-4BDC-B8AF-D79AB844D6A3}.Release|AnyCPU.ActiveCfg = Release|Any CPU
		{5273C2CC-15B1-4BDC-B8AF-D79AB844D6A3}.Release|AnyCPU.Build.0 = Release|Any CPU
		{5273C2CC-15B1-4BDC-B8AF-D79AB844D6A3}.Release|AnyCPU (X86-only).ActiveCfg = Release|Any CPU
		{5273C2CC-15B1-4BDC-B8AF-D79AB844D6A3}.Release|AnyCPU (X86-only).Build.0 = Release|Any CPU
		{CF221377-F05C-4710-BDE0-63474A7F0B30}.Debug|AnyCPU.ActiveCfg = Debug|Any CPU
		{CF221377-F05C-4710-BDE0-63474A7F0B30}.Debug|AnyCPU.Build.0 = Debug|Any CPU
		{CF221377-F05C-4710-BDE0-63474A7F0B30}.Debug|AnyCPU (X86-only).ActiveCfg = Debug|Any CPU
		{CF221377-F05C-4710-BDE0-63474A7F0B30}.Debug|AnyCPU (X86-only).Build.0 = Debug|Any CPU
		{CF221377-F05C-4710-BDE0-63474A7F0B30}.Release|AnyCPU.ActiveCfg = Release|Any CPU
		{CF221377-F05C-4710-BDE0-63474A7F0B30}.Release|AnyCPU.Build.0 = Release|Any CPU
		{CF221377-F05C-4710-BDE0-63474A7F0B30}.Release|AnyCPU (X86-only).ActiveCfg = Release|Any CPU
		{CF221377-F05C-4710-BDE0-63474A7F0B30}.Release|AnyCPU (X86-only).Build.0 = Release|Any CPU
		{D0363CCD-17A6-4700-8C94-D4E3327C6A07}.Debug|AnyCPU.ActiveCfg = Debug|Any CPU
		{D0363CCD-17A6-4700-8C94-D4E3327C6A07}.Debug|AnyCPU.Build.0 = Debug|Any CPU
		{D0363CCD-17A6-4700-8C94-D4E3327C6A07}.Debug|AnyCPU (X86-only).ActiveCfg = Debug|Any CPU
		{D0363CCD-17A6-4700-8C94-D4E3327C6A07}.Debug|AnyCPU (X86-only).Build.0 = Debug|Any CPU
		{D0363CCD-17A6-4700-8C94-D4E3327C6A07}.Release|AnyCPU.ActiveCfg = Release|Any CPU
		{D0363CCD-17A6-4700-8C94-D4E3327C6A07}.Release|AnyCPU.Build.0 = Release|Any CPU
		{D0363CCD-17A6-4700-8C94-D4E3327C6A07}.Release|AnyCPU (X86-only).ActiveCfg = Release|Any CPU
		{D0363CCD-17A6-4700-8C94-D4E3327C6A07}.Release|AnyCPU (X86-only).Build.0 = Release|Any CPU
		{85C2C4F7-AFC2-4745-A6E4-804B81EAE262}.Debug|AnyCPU.ActiveCfg = Debug|Any CPU
		{85C2C4F7-AFC2-4745-A6E4-804B81EAE262}.Debug|AnyCPU.Build.0 = Debug|Any CPU
		{85C2C4F7-AFC2-4745-A6E4-804B81EAE262}.Debug|AnyCPU (X86-only).ActiveCfg = Debug|Any CPU
		{85C2C4F7-AFC2-4745-A6E4-804B81EAE262}.Debug|AnyCPU (X86-only).Build.0 = Debug|Any CPU
		{85C2C4F7-AFC2-4745-A6E4-804B81EAE262}.Release|AnyCPU.ActiveCfg = Release|Any CPU
		{85C2C4F7-AFC2-4745-A6E4-804B81EAE262}.Release|AnyCPU.Build.0 = Release|Any CPU
		{85C2C4F7-AFC2-4745-A6E4-804B81EAE262}.Release|AnyCPU (X86-only).ActiveCfg = Release|Any CPU
		{85C2C4F7-AFC2-4745-A6E4-804B81EAE262}.Release|AnyCPU (X86-only).Build.0 = Release|Any CPU
		{5C8A14C5-70D2-4652-806D-224CF616B6BA}.Debug|AnyCPU.ActiveCfg = Debug|Any CPU
		{5C8A14C5-70D2-4652-806D-224CF616B6BA}.Debug|AnyCPU.Build.0 = Debug|Any CPU
		{5C8A14C5-70D2-4652-806D-224CF616B6BA}.Debug|AnyCPU (X86-only).ActiveCfg = Debug|Any CPU
		{5C8A14C5-70D2-4652-806D-224CF616B6BA}.Debug|AnyCPU (X86-only).Build.0 = Debug|Any CPU
		{5C8A14C5-70D2-4652-806D-224CF616B6BA}.Release|AnyCPU.ActiveCfg = Release|Any CPU
		{5C8A14C5-70D2-4652-806D-224CF616B6BA}.Release|AnyCPU.Build.0 = Release|Any CPU
		{5C8A14C5-70D2-4652-806D-224CF616B6BA}.Release|AnyCPU (X86-only).ActiveCfg = Release|Any CPU
		{5C8A14C5-70D2-4652-806D-224CF616B6BA}.Release|AnyCPU (X86-only).Build.0 = Release|Any CPU
		{B0BFEE3E-4A56-4F9F-95A8-9229FC74D46E}.Debug|AnyCPU.ActiveCfg = Debug|x86
		{B0BFEE3E-4A56-4F9F-95A8-9229FC74D46E}.Debug|AnyCPU.Build.0 = Debug|x86
		{B0BFEE3E-4A56-4F9F-95A8-9229FC74D46E}.Debug|AnyCPU (X86-only).ActiveCfg = Debug|x86
		{B0BFEE3E-4A56-4F9F-95A8-9229FC74D46E}.Debug|AnyCPU (X86-only).Build.0 = Debug|x86
		{B0BFEE3E-4A56-4F9F-95A8-9229FC74D46E}.Release|AnyCPU.ActiveCfg = Release|x86
		{B0BFEE3E-4A56-4F9F-95A8-9229FC74D46E}.Release|AnyCPU.Build.0 = Release|x86
		{B0BFEE3E-4A56-4F9F-95A8-9229FC74D46E}.Release|AnyCPU (X86-only).ActiveCfg = Release|x86
		{B0BFEE3E-4A56-4F9F-95A8-9229FC74D46E}.Release|AnyCPU (X86-only).Build.0 = Release|x86
		{E036F18E-312A-4C78-A8E9-5E37E5EBA9B9}.Debug|AnyCPU.ActiveCfg = Debug|Any CPU
		{E036F18E-312A-4C78-A8E9-5E37E5EBA9B9}.Debug|AnyCPU.Build.0 = Debug|Any CPU
		{E036F18E-312A-4C78-A8E9-5E37E5EBA9B9}.Debug|AnyCPU (X86-only).ActiveCfg = Debug|Any CPU
		{E036F18E-312A-4C78-A8E9-5E37E5EBA9B9}.Debug|AnyCPU (X86-only).Build.0 = Debug|Any CPU
		{E036F18E-312A-4C78-A8E9-5E37E5EBA9B9}.Release|AnyCPU.ActiveCfg = Release|Any CPU
		{E036F18E-312A-4C78-A8E9-5E37E5EBA9B9}.Release|AnyCPU.Build.0 = Release|Any CPU
		{E036F18E-312A-4C78-A8E9-5E37E5EBA9B9}.Release|AnyCPU (X86-only).ActiveCfg = Release|Any CPU
		{E036F18E-312A-4C78-A8E9-5E37E5EBA9B9}.Release|AnyCPU (X86-only).Build.0 = Release|Any CPU
		{0C911851-C2F3-4E84-BF0D-413DAD7887A7}.Debug|AnyCPU.ActiveCfg = Debug|Any CPU
		{0C911851-C2F3-4E84-BF0D-413DAD7887A7}.Debug|AnyCPU.Build.0 = Debug|Any CPU
		{0C911851-C2F3-4E84-BF0D-413DAD7887A7}.Debug|AnyCPU (X86-only).ActiveCfg = Debug|Any CPU
		{0C911851-C2F3-4E84-BF0D-413DAD7887A7}.Debug|AnyCPU (X86-only).Build.0 = Debug|Any CPU
		{0C911851-C2F3-4E84-BF0D-413DAD7887A7}.Release|AnyCPU.ActiveCfg = Release|Any CPU
		{0C911851-C2F3-4E84-BF0D-413DAD7887A7}.Release|AnyCPU.Build.0 = Release|Any CPU
		{0C911851-C2F3-4E84-BF0D-413DAD7887A7}.Release|AnyCPU (X86-only).ActiveCfg = Release|Any CPU
		{0C911851-C2F3-4E84-BF0D-413DAD7887A7}.Release|AnyCPU (X86-only).Build.0 = Release|Any CPU
		{C374EC95-D1AB-4C30-8BF1-5BAA23754716}.Debug|AnyCPU.ActiveCfg = Debug|Any CPU
		{C374EC95-D1AB-4C30-8BF1-5BAA23754716}.Debug|AnyCPU.Build.0 = Debug|Any CPU
		{C374EC95-D1AB-4C30-8BF1-5BAA23754716}.Debug|AnyCPU (X86-only).ActiveCfg = Debug|Any CPU
		{C374EC95-D1AB-4C30-8BF1-5BAA23754716}.Debug|AnyCPU (X86-only).Build.0 = Debug|Any CPU
		{C374EC95-D1AB-4C30-8BF1-5BAA23754716}.Release|AnyCPU.ActiveCfg = Release|Any CPU
		{C374EC95-D1AB-4C30-8BF1-5BAA23754716}.Release|AnyCPU.Build.0 = Release|Any CPU
		{C374EC95-D1AB-4C30-8BF1-5BAA23754716}.Release|AnyCPU (X86-only).ActiveCfg = Release|Any CPU
		{C374EC95-D1AB-4C30-8BF1-5BAA23754716}.Release|AnyCPU (X86-only).Build.0 = Release|Any CPU
	EndGlobalSection
	GlobalSection(SolutionProperties) = preSolution
		HideSolutionNode = FALSE
	EndGlobalSection
	GlobalSection(NestedProjects) = preSolution
		{A4CECC87-3188-4D37-A64B-D15F5B001A9D} = {C958AA4D-5985-4F2E-8209-9B6187FF3D85}
		{EC67FAEC-7D88-434D-A58D-6A8419929E25} = {A4CECC87-3188-4D37-A64B-D15F5B001A9D}
		{7B523726-D5B6-4221-A2C4-3C6AC5E1F920} = {A4CECC87-3188-4D37-A64B-D15F5B001A9D}
		{5273C2CC-15B1-4BDC-B8AF-D79AB844D6A3} = {A4CECC87-3188-4D37-A64B-D15F5B001A9D}
		{C8E8D9FF-B579-4B1C-B3F9-F216125B80B8} = {C958AA4D-5985-4F2E-8209-9B6187FF3D85}
		{CF221377-F05C-4710-BDE0-63474A7F0B30} = {C8E8D9FF-B579-4B1C-B3F9-F216125B80B8}
		{D0363CCD-17A6-4700-8C94-D4E3327C6A07} = {C958AA4D-5985-4F2E-8209-9B6187FF3D85}
		{5C8A14C5-70D2-4652-806D-224CF616B6BA} = {3ACEF67A-59F3-445F-BBDF-8960B11D6557}
		{E036F18E-312A-4C78-A8E9-5E37E5EBA9B9} = {A4CECC87-3188-4D37-A64B-D15F5B001A9D}
		{0C911851-C2F3-4E84-BF0D-413DAD7887A7} = {A4CECC87-3188-4D37-A64B-D15F5B001A9D}
	EndGlobalSection
	GlobalSection(ExtensibilityGlobals) = postSolution
		SolutionGuid = {29C01A02-5EA4-442B-92BD-67EC119B4356}
	EndGlobalSection
EndGlobal
