
Microsoft Visual Studio Solution File, Format Version 12.00
# Visual Studio Version 16
VisualStudioVersion = 16.0.28822.285
MinimumVisualStudioVersion = 10.0.40219.1
Project("{9A19103F-16F7-4668-BE54-9A1E7A4F7556}") = "Reloaded.Mod.Launcher", "Reloaded.Mod.Launcher\Reloaded.Mod.Launcher.csproj", "{159EF9A3-1B08-45F8-97CA-8DD72BC91936}"
EndProject
Project("{2150E333-8FDC-42A3-9474-1A3956D46DE8}") = "Submodules", "Submodules", "{3ACEF67A-59F3-445F-BBDF-8960B11D6557}"
EndProject
Project("{9A19103F-16F7-4668-BE54-9A1E7A4F7556}") = "Reloaded.WPF", "..\Submodules\Reloaded.WPF\Source\Reloaded.WPF\Reloaded.WPF.csproj", "{40A1E1A4-59C8-423C-A95D-E2680BC8740F}"
EndProject
Project("{9A19103F-16F7-4668-BE54-9A1E7A4F7556}") = "Reloaded.WPF.Theme.Default", "..\Submodules\Reloaded.WPF\Source\Reloaded.WPF.Theme.Default\Reloaded.WPF.Theme.Default.csproj", "{FFA9815A-9E44-4603-8CCC-8289472BD562}"
EndProject
Project("{9A19103F-16F7-4668-BE54-9A1E7A4F7556}") = "Reloaded.Mod.Interfaces", "Reloaded.Mod.Interfaces\Reloaded.Mod.Interfaces.csproj", "{23A7DB81-C58A-49EE-9AE0-A6C1E1064A6A}"
EndProject
Project("{9A19103F-16F7-4668-BE54-9A1E7A4F7556}") = "Reloaded.Mod.Loader", "Reloaded.Mod.Loader\Reloaded.Mod.Loader.csproj", "{CF3E2DC7-04F8-4878-97F4-1BCF950AC97D}"
EndProject
Project("{9A19103F-16F7-4668-BE54-9A1E7A4F7556}") = "Reloaded.Mod.Loader.Tests", "Reloaded.Mod.Loader.Tests\Reloaded.Mod.Loader.Tests.csproj", "{305129E2-ED0F-45A5-BEBB-72202B002AF1}"
EndProject
Project("{9A19103F-16F7-4668-BE54-9A1E7A4F7556}") = "Reloaded.Mod.Loader.IO", "Reloaded.Mod.Loader.IO\Reloaded.Mod.Loader.IO.csproj", "{82170607-827D-4F66-B01B-73B4CA47B473}"
EndProject
Project("{FAE04EC0-301F-11D3-BF4B-00C04F79EFBC}") = "Rock.Collections", "..\Submodules\Rock.Collections\Rock.Collections\Rock.Collections.csproj", "{7093891E-2F3E-4FE1-B855-B421C72B8CBF}"
EndProject
Project("{8BC9CEB8-8B4A-11D0-8D11-00A0C91BC942}") = "Reloaded.Mod.Loader.Bootstrapper", "Reloaded.Mod.Bootstrapper\Reloaded.Mod.Bootstrapper.vcxproj", "{56DFC45C-49FB-4409-823E-EE54637F58A1}"
EndProject
Project("{8BC9CEB8-8B4A-11D0-8D11-00A0C91BC942}") = "Reloaded.Core.Bootstrap", "..\Submodules\Reloaded.Core.Bootstrap\Source\Reloaded.Core.Bootstrap\Reloaded.Core.Bootstrap.vcxproj", "{992AB7A3-F0C7-4276-B83C-380D99F5F9E9}"
EndProject
Project("{9A19103F-16F7-4668-BE54-9A1E7A4F7556}") = "Reloaded.Mod.Loader.Server", "Reloaded.Mod.Loader.Server\Reloaded.Mod.Loader.Server.csproj", "{9D416472-B721-4DF6-8218-63853A17D8F6}"
EndProject
Project("{2150E333-8FDC-42A3-9474-1A3956D46DE8}") = "Testing", "Testing", "{C958AA4D-5985-4F2E-8209-9B6187FF3D85}"
EndProject
Project("{2150E333-8FDC-42A3-9474-1A3956D46DE8}") = "Mods", "Mods", "{A4CECC87-3188-4D37-A64B-D15F5B001A9D}"
EndProject
Global
	GlobalSection(SolutionConfigurationPlatforms) = preSolution
		Debug|Any CPU = Debug|Any CPU
		Debug|x64 = Debug|x64
		Debug|x86 = Debug|x86
		Release|Any CPU = Release|Any CPU
		Release|x64 = Release|x64
		Release|x86 = Release|x86
	EndGlobalSection
	GlobalSection(ProjectConfigurationPlatforms) = postSolution
		{159EF9A3-1B08-45F8-97CA-8DD72BC91936}.Debug|Any CPU.ActiveCfg = Debug|Any CPU
		{159EF9A3-1B08-45F8-97CA-8DD72BC91936}.Debug|Any CPU.Build.0 = Debug|Any CPU
		{159EF9A3-1B08-45F8-97CA-8DD72BC91936}.Debug|x64.ActiveCfg = Debug|Any CPU
		{159EF9A3-1B08-45F8-97CA-8DD72BC91936}.Debug|x64.Build.0 = Debug|Any CPU
		{159EF9A3-1B08-45F8-97CA-8DD72BC91936}.Debug|x86.ActiveCfg = Debug|Any CPU
		{159EF9A3-1B08-45F8-97CA-8DD72BC91936}.Debug|x86.Build.0 = Debug|Any CPU
		{159EF9A3-1B08-45F8-97CA-8DD72BC91936}.Release|Any CPU.ActiveCfg = Release|Any CPU
		{159EF9A3-1B08-45F8-97CA-8DD72BC91936}.Release|Any CPU.Build.0 = Release|Any CPU
		{159EF9A3-1B08-45F8-97CA-8DD72BC91936}.Release|x64.ActiveCfg = Release|Any CPU
		{159EF9A3-1B08-45F8-97CA-8DD72BC91936}.Release|x64.Build.0 = Release|Any CPU
		{159EF9A3-1B08-45F8-97CA-8DD72BC91936}.Release|x86.ActiveCfg = Release|Any CPU
		{159EF9A3-1B08-45F8-97CA-8DD72BC91936}.Release|x86.Build.0 = Release|Any CPU
		{40A1E1A4-59C8-423C-A95D-E2680BC8740F}.Debug|Any CPU.ActiveCfg = Debug|Any CPU
		{40A1E1A4-59C8-423C-A95D-E2680BC8740F}.Debug|Any CPU.Build.0 = Debug|Any CPU
		{40A1E1A4-59C8-423C-A95D-E2680BC8740F}.Debug|x64.ActiveCfg = Debug|Any CPU
		{40A1E1A4-59C8-423C-A95D-E2680BC8740F}.Debug|x64.Build.0 = Debug|Any CPU
		{40A1E1A4-59C8-423C-A95D-E2680BC8740F}.Debug|x86.ActiveCfg = Debug|Any CPU
		{40A1E1A4-59C8-423C-A95D-E2680BC8740F}.Debug|x86.Build.0 = Debug|Any CPU
		{40A1E1A4-59C8-423C-A95D-E2680BC8740F}.Release|Any CPU.ActiveCfg = Release|Any CPU
		{40A1E1A4-59C8-423C-A95D-E2680BC8740F}.Release|Any CPU.Build.0 = Release|Any CPU
		{40A1E1A4-59C8-423C-A95D-E2680BC8740F}.Release|x64.ActiveCfg = Release|Any CPU
		{40A1E1A4-59C8-423C-A95D-E2680BC8740F}.Release|x64.Build.0 = Release|Any CPU
		{40A1E1A4-59C8-423C-A95D-E2680BC8740F}.Release|x86.ActiveCfg = Release|Any CPU
		{40A1E1A4-59C8-423C-A95D-E2680BC8740F}.Release|x86.Build.0 = Release|Any CPU
		{FFA9815A-9E44-4603-8CCC-8289472BD562}.Debug|Any CPU.ActiveCfg = Debug|Any CPU
		{FFA9815A-9E44-4603-8CCC-8289472BD562}.Debug|Any CPU.Build.0 = Debug|Any CPU
		{FFA9815A-9E44-4603-8CCC-8289472BD562}.Debug|x64.ActiveCfg = Debug|Any CPU
		{FFA9815A-9E44-4603-8CCC-8289472BD562}.Debug|x64.Build.0 = Debug|Any CPU
		{FFA9815A-9E44-4603-8CCC-8289472BD562}.Debug|x86.ActiveCfg = Debug|Any CPU
		{FFA9815A-9E44-4603-8CCC-8289472BD562}.Debug|x86.Build.0 = Debug|Any CPU
		{FFA9815A-9E44-4603-8CCC-8289472BD562}.Release|Any CPU.ActiveCfg = Release|Any CPU
		{FFA9815A-9E44-4603-8CCC-8289472BD562}.Release|Any CPU.Build.0 = Release|Any CPU
		{FFA9815A-9E44-4603-8CCC-8289472BD562}.Release|x64.ActiveCfg = Release|Any CPU
		{FFA9815A-9E44-4603-8CCC-8289472BD562}.Release|x64.Build.0 = Release|Any CPU
		{FFA9815A-9E44-4603-8CCC-8289472BD562}.Release|x86.ActiveCfg = Release|Any CPU
		{FFA9815A-9E44-4603-8CCC-8289472BD562}.Release|x86.Build.0 = Release|Any CPU
		{23A7DB81-C58A-49EE-9AE0-A6C1E1064A6A}.Debug|Any CPU.ActiveCfg = Debug|Any CPU
		{23A7DB81-C58A-49EE-9AE0-A6C1E1064A6A}.Debug|Any CPU.Build.0 = Debug|Any CPU
		{23A7DB81-C58A-49EE-9AE0-A6C1E1064A6A}.Debug|x64.ActiveCfg = Debug|Any CPU
		{23A7DB81-C58A-49EE-9AE0-A6C1E1064A6A}.Debug|x64.Build.0 = Debug|Any CPU
		{23A7DB81-C58A-49EE-9AE0-A6C1E1064A6A}.Debug|x86.ActiveCfg = Debug|Any CPU
		{23A7DB81-C58A-49EE-9AE0-A6C1E1064A6A}.Debug|x86.Build.0 = Debug|Any CPU
		{23A7DB81-C58A-49EE-9AE0-A6C1E1064A6A}.Release|Any CPU.ActiveCfg = Release|Any CPU
		{23A7DB81-C58A-49EE-9AE0-A6C1E1064A6A}.Release|Any CPU.Build.0 = Release|Any CPU
		{23A7DB81-C58A-49EE-9AE0-A6C1E1064A6A}.Release|x64.ActiveCfg = Release|Any CPU
		{23A7DB81-C58A-49EE-9AE0-A6C1E1064A6A}.Release|x64.Build.0 = Release|Any CPU
		{23A7DB81-C58A-49EE-9AE0-A6C1E1064A6A}.Release|x86.ActiveCfg = Release|Any CPU
		{23A7DB81-C58A-49EE-9AE0-A6C1E1064A6A}.Release|x86.Build.0 = Release|Any CPU
		{CF3E2DC7-04F8-4878-97F4-1BCF950AC97D}.Debug|Any CPU.ActiveCfg = Debug|Any CPU
		{CF3E2DC7-04F8-4878-97F4-1BCF950AC97D}.Debug|Any CPU.Build.0 = Debug|Any CPU
		{CF3E2DC7-04F8-4878-97F4-1BCF950AC97D}.Debug|x64.ActiveCfg = Debug|Any CPU
		{CF3E2DC7-04F8-4878-97F4-1BCF950AC97D}.Debug|x64.Build.0 = Debug|Any CPU
		{CF3E2DC7-04F8-4878-97F4-1BCF950AC97D}.Debug|x86.ActiveCfg = Debug|Any CPU
		{CF3E2DC7-04F8-4878-97F4-1BCF950AC97D}.Debug|x86.Build.0 = Debug|Any CPU
		{CF3E2DC7-04F8-4878-97F4-1BCF950AC97D}.Release|Any CPU.ActiveCfg = Release|Any CPU
		{CF3E2DC7-04F8-4878-97F4-1BCF950AC97D}.Release|Any CPU.Build.0 = Release|Any CPU
		{CF3E2DC7-04F8-4878-97F4-1BCF950AC97D}.Release|x64.ActiveCfg = Release|Any CPU
		{CF3E2DC7-04F8-4878-97F4-1BCF950AC97D}.Release|x64.Build.0 = Release|Any CPU
		{CF3E2DC7-04F8-4878-97F4-1BCF950AC97D}.Release|x86.ActiveCfg = Release|Any CPU
		{CF3E2DC7-04F8-4878-97F4-1BCF950AC97D}.Release|x86.Build.0 = Release|Any CPU
		{305129E2-ED0F-45A5-BEBB-72202B002AF1}.Debug|Any CPU.ActiveCfg = Debug|Any CPU
		{305129E2-ED0F-45A5-BEBB-72202B002AF1}.Debug|Any CPU.Build.0 = Debug|Any CPU
		{305129E2-ED0F-45A5-BEBB-72202B002AF1}.Debug|x64.ActiveCfg = Debug|Any CPU
		{305129E2-ED0F-45A5-BEBB-72202B002AF1}.Debug|x64.Build.0 = Debug|Any CPU
		{305129E2-ED0F-45A5-BEBB-72202B002AF1}.Debug|x86.ActiveCfg = Debug|Any CPU
		{305129E2-ED0F-45A5-BEBB-72202B002AF1}.Debug|x86.Build.0 = Debug|Any CPU
		{305129E2-ED0F-45A5-BEBB-72202B002AF1}.Release|Any CPU.ActiveCfg = Release|Any CPU
		{305129E2-ED0F-45A5-BEBB-72202B002AF1}.Release|Any CPU.Build.0 = Release|Any CPU
		{305129E2-ED0F-45A5-BEBB-72202B002AF1}.Release|x64.ActiveCfg = Release|Any CPU
		{305129E2-ED0F-45A5-BEBB-72202B002AF1}.Release|x64.Build.0 = Release|Any CPU
		{305129E2-ED0F-45A5-BEBB-72202B002AF1}.Release|x86.ActiveCfg = Release|Any CPU
		{305129E2-ED0F-45A5-BEBB-72202B002AF1}.Release|x86.Build.0 = Release|Any CPU
		{82170607-827D-4F66-B01B-73B4CA47B473}.Debug|Any CPU.ActiveCfg = Debug|Any CPU
		{82170607-827D-4F66-B01B-73B4CA47B473}.Debug|Any CPU.Build.0 = Debug|Any CPU
		{82170607-827D-4F66-B01B-73B4CA47B473}.Debug|x64.ActiveCfg = Debug|Any CPU
		{82170607-827D-4F66-B01B-73B4CA47B473}.Debug|x64.Build.0 = Debug|Any CPU
		{82170607-827D-4F66-B01B-73B4CA47B473}.Debug|x86.ActiveCfg = Debug|Any CPU
		{82170607-827D-4F66-B01B-73B4CA47B473}.Debug|x86.Build.0 = Debug|Any CPU
		{82170607-827D-4F66-B01B-73B4CA47B473}.Release|Any CPU.ActiveCfg = Release|Any CPU
		{82170607-827D-4F66-B01B-73B4CA47B473}.Release|Any CPU.Build.0 = Release|Any CPU
		{82170607-827D-4F66-B01B-73B4CA47B473}.Release|x64.ActiveCfg = Release|Any CPU
		{82170607-827D-4F66-B01B-73B4CA47B473}.Release|x64.Build.0 = Release|Any CPU
		{82170607-827D-4F66-B01B-73B4CA47B473}.Release|x86.ActiveCfg = Release|Any CPU
		{82170607-827D-4F66-B01B-73B4CA47B473}.Release|x86.Build.0 = Release|Any CPU
		{7093891E-2F3E-4FE1-B855-B421C72B8CBF}.Debug|Any CPU.ActiveCfg = Debug|Any CPU
		{7093891E-2F3E-4FE1-B855-B421C72B8CBF}.Debug|Any CPU.Build.0 = Debug|Any CPU
		{7093891E-2F3E-4FE1-B855-B421C72B8CBF}.Debug|x64.ActiveCfg = Debug|Any CPU
		{7093891E-2F3E-4FE1-B855-B421C72B8CBF}.Debug|x64.Build.0 = Debug|Any CPU
		{7093891E-2F3E-4FE1-B855-B421C72B8CBF}.Debug|x86.ActiveCfg = Debug|Any CPU
		{7093891E-2F3E-4FE1-B855-B421C72B8CBF}.Debug|x86.Build.0 = Debug|Any CPU
		{7093891E-2F3E-4FE1-B855-B421C72B8CBF}.Release|Any CPU.ActiveCfg = Release|Any CPU
		{7093891E-2F3E-4FE1-B855-B421C72B8CBF}.Release|Any CPU.Build.0 = Release|Any CPU
		{7093891E-2F3E-4FE1-B855-B421C72B8CBF}.Release|x64.ActiveCfg = Release|Any CPU
		{7093891E-2F3E-4FE1-B855-B421C72B8CBF}.Release|x64.Build.0 = Release|Any CPU
		{7093891E-2F3E-4FE1-B855-B421C72B8CBF}.Release|x86.ActiveCfg = Release|Any CPU
		{7093891E-2F3E-4FE1-B855-B421C72B8CBF}.Release|x86.Build.0 = Release|Any CPU
		{56DFC45C-49FB-4409-823E-EE54637F58A1}.Debug|Any CPU.ActiveCfg = Debug|Win32
		{56DFC45C-49FB-4409-823E-EE54637F58A1}.Debug|x64.ActiveCfg = Debug|x64
		{56DFC45C-49FB-4409-823E-EE54637F58A1}.Debug|x64.Build.0 = Debug|x64
		{56DFC45C-49FB-4409-823E-EE54637F58A1}.Debug|x86.ActiveCfg = Debug|Win32
		{56DFC45C-49FB-4409-823E-EE54637F58A1}.Debug|x86.Build.0 = Debug|Win32
		{56DFC45C-49FB-4409-823E-EE54637F58A1}.Release|Any CPU.ActiveCfg = Release|Win32
		{56DFC45C-49FB-4409-823E-EE54637F58A1}.Release|x64.ActiveCfg = Release|x64
		{56DFC45C-49FB-4409-823E-EE54637F58A1}.Release|x64.Build.0 = Release|x64
		{56DFC45C-49FB-4409-823E-EE54637F58A1}.Release|x86.ActiveCfg = Release|Win32
		{56DFC45C-49FB-4409-823E-EE54637F58A1}.Release|x86.Build.0 = Release|Win32
		{992AB7A3-F0C7-4276-B83C-380D99F5F9E9}.Debug|Any CPU.ActiveCfg = Debug|Win32
		{992AB7A3-F0C7-4276-B83C-380D99F5F9E9}.Debug|x64.ActiveCfg = Debug|x64
		{992AB7A3-F0C7-4276-B83C-380D99F5F9E9}.Debug|x64.Build.0 = Debug|x64
		{992AB7A3-F0C7-4276-B83C-380D99F5F9E9}.Debug|x86.ActiveCfg = Debug|Win32
		{992AB7A3-F0C7-4276-B83C-380D99F5F9E9}.Debug|x86.Build.0 = Debug|Win32
		{992AB7A3-F0C7-4276-B83C-380D99F5F9E9}.Release|Any CPU.ActiveCfg = Release|Win32
		{992AB7A3-F0C7-4276-B83C-380D99F5F9E9}.Release|x64.ActiveCfg = Release|x64
		{992AB7A3-F0C7-4276-B83C-380D99F5F9E9}.Release|x64.Build.0 = Release|x64
		{992AB7A3-F0C7-4276-B83C-380D99F5F9E9}.Release|x86.ActiveCfg = Release|Win32
		{992AB7A3-F0C7-4276-B83C-380D99F5F9E9}.Release|x86.Build.0 = Release|Win32
		{9D416472-B721-4DF6-8218-63853A17D8F6}.Debug|Any CPU.ActiveCfg = Debug|Any CPU
		{9D416472-B721-4DF6-8218-63853A17D8F6}.Debug|Any CPU.Build.0 = Debug|Any CPU
		{9D416472-B721-4DF6-8218-63853A17D8F6}.Debug|x64.ActiveCfg = Debug|Any CPU
		{9D416472-B721-4DF6-8218-63853A17D8F6}.Debug|x64.Build.0 = Debug|Any CPU
		{9D416472-B721-4DF6-8218-63853A17D8F6}.Debug|x86.ActiveCfg = Debug|Any CPU
		{9D416472-B721-4DF6-8218-63853A17D8F6}.Debug|x86.Build.0 = Debug|Any CPU
		{9D416472-B721-4DF6-8218-63853A17D8F6}.Release|Any CPU.ActiveCfg = Release|Any CPU
		{9D416472-B721-4DF6-8218-63853A17D8F6}.Release|Any CPU.Build.0 = Release|Any CPU
		{9D416472-B721-4DF6-8218-63853A17D8F6}.Release|x64.ActiveCfg = Release|Any CPU
		{9D416472-B721-4DF6-8218-63853A17D8F6}.Release|x64.Build.0 = Release|Any CPU
		{9D416472-B721-4DF6-8218-63853A17D8F6}.Release|x86.ActiveCfg = Release|Any CPU
		{9D416472-B721-4DF6-8218-63853A17D8F6}.Release|x86.Build.0 = Release|Any CPU
	EndGlobalSection
	GlobalSection(SolutionProperties) = preSolution
		HideSolutionNode = FALSE
	EndGlobalSection
	GlobalSection(NestedProjects) = preSolution
		{40A1E1A4-59C8-423C-A95D-E2680BC8740F} = {3ACEF67A-59F3-445F-BBDF-8960B11D6557}
		{FFA9815A-9E44-4603-8CCC-8289472BD562} = {3ACEF67A-59F3-445F-BBDF-8960B11D6557}
		{7093891E-2F3E-4FE1-B855-B421C72B8CBF} = {3ACEF67A-59F3-445F-BBDF-8960B11D6557}
		{992AB7A3-F0C7-4276-B83C-380D99F5F9E9} = {3ACEF67A-59F3-445F-BBDF-8960B11D6557}
		{A4CECC87-3188-4D37-A64B-D15F5B001A9D} = {C958AA4D-5985-4F2E-8209-9B6187FF3D85}
	EndGlobalSection
	GlobalSection(ExtensibilityGlobals) = postSolution
		SolutionGuid = {29C01A02-5EA4-442B-92BD-67EC119B4356}
	EndGlobalSection
EndGlobal
